// !$*UTF8*$!
{
	archiveVersion = 1;
	classes = {
	};
	objectVersion = 46;
	objects = {

/* Begin PBXBuildFile section */
		C3304DB01B7E291600968E0D /* FlickrPhoto.swift in Sources */ = {isa = PBXBuildFile; fileRef = C3D4AA991B7D100B0096656F /* FlickrPhoto.swift */; };
		C3304DB11B7E29CB00968E0D /* FlickrConstants.swift in Sources */ = {isa = PBXBuildFile; fileRef = C3D4AA931B7CE6980096656F /* FlickrConstants.swift */; };
		C3304DB51B7E83DE00968E0D /* PhotoFullScreenViewController.swift in Sources */ = {isa = PBXBuildFile; fileRef = C3304DB41B7E83DE00968E0D /* PhotoFullScreenViewController.swift */; };
		C359A8EE1BC54EE70066FCFC /* FlickrApiUtils.swift in Sources */ = {isa = PBXBuildFile; fileRef = C359A8ED1BC54EE70066FCFC /* FlickrApiUtils.swift */; };
		C359A8F71BC55E6E0066FCFC /* FlickrApiUtils.swift in Sources */ = {isa = PBXBuildFile; fileRef = C359A8ED1BC54EE70066FCFC /* FlickrApiUtils.swift */; };
		C373B6561BC695E500869AC8 /* PopViewTransitionAnimator.swift in Sources */ = {isa = PBXBuildFile; fileRef = C373B6551BC695E500869AC8 /* PopViewTransitionAnimator.swift */; };
		C373B6581BC6995900869AC8 /* FadeViewTransitionAnimator.swift in Sources */ = {isa = PBXBuildFile; fileRef = C373B6571BC6995900869AC8 /* FadeViewTransitionAnimator.swift */; };
		C3749D221BCBE15800BF4729 /* good-flickr-response.json in Resources */ = {isa = PBXBuildFile; fileRef = C3749D211BCBE15800BF4729 /* good-flickr-response.json */; };
		C3749D2C1BCC2A4700BF4729 /* bad-flickr-response.json in Resources */ = {isa = PBXBuildFile; fileRef = C3749D2B1BCC2A4700BF4729 /* bad-flickr-response.json */; };
		C37993BE1BC5AFB100C41C17 /* SplitViewTransitionAnimator.swift in Sources */ = {isa = PBXBuildFile; fileRef = C37993BD1BC5AFB100C41C17 /* SplitViewTransitionAnimator.swift */; };
		C391BD651BC2C515009B82F1 /* PhotosViewController.swift in Sources */ = {isa = PBXBuildFile; fileRef = C391BD641BC2C515009B82F1 /* PhotosViewController.swift */; };
		C391BD6F1BC2E896009B82F1 /* PhotoCell.swift in Sources */ = {isa = PBXBuildFile; fileRef = C391BD6E1BC2E896009B82F1 /* PhotoCell.swift */; };
		C391BD711BC30448009B82F1 /* PhotosHeaderView.swift in Sources */ = {isa = PBXBuildFile; fileRef = C391BD701BC30448009B82F1 /* PhotosHeaderView.swift */; };
		C3D4AA941B7CE6980096656F /* FlickrConstants.swift in Sources */ = {isa = PBXBuildFile; fileRef = C3D4AA931B7CE6980096656F /* FlickrConstants.swift */; };
		C3D4AA961B7CE9CB0096656F /* CoreLocation.framework in Frameworks */ = {isa = PBXBuildFile; fileRef = C3D4AA951B7CE9CB0096656F /* CoreLocation.framework */; };
		C3D4AA981B7D0E160096656F /* PhotoListFetcher.swift in Sources */ = {isa = PBXBuildFile; fileRef = C3D4AA971B7D0E160096656F /* PhotoListFetcher.swift */; };
		C3D4AA9A1B7D100B0096656F /* FlickrPhoto.swift in Sources */ = {isa = PBXBuildFile; fileRef = C3D4AA991B7D100B0096656F /* FlickrPhoto.swift */; };
		C3EC11AF1B874E9B00FB672C /* MKAnnotationView+WebCache.m in Sources */ = {isa = PBXBuildFile; fileRef = C3EC118F1B874E9A00FB672C /* MKAnnotationView+WebCache.m */; };
		C3EC11B01B874E9B00FB672C /* NSData+ImageContentType.m in Sources */ = {isa = PBXBuildFile; fileRef = C3EC11911B874E9A00FB672C /* NSData+ImageContentType.m */; };
		C3EC11B11B874E9B00FB672C /* SDImageCache.m in Sources */ = {isa = PBXBuildFile; fileRef = C3EC11931B874E9A00FB672C /* SDImageCache.m */; };
		C3EC11B21B874E9B00FB672C /* SDWebImageCompat.m in Sources */ = {isa = PBXBuildFile; fileRef = C3EC11951B874E9A00FB672C /* SDWebImageCompat.m */; };
		C3EC11B41B874E9B00FB672C /* SDWebImageDownloader.m in Sources */ = {isa = PBXBuildFile; fileRef = C3EC11991B874E9A00FB672C /* SDWebImageDownloader.m */; };
		C3EC11B51B874E9B00FB672C /* SDWebImageDownloaderOperation.m in Sources */ = {isa = PBXBuildFile; fileRef = C3EC119B1B874E9B00FB672C /* SDWebImageDownloaderOperation.m */; };
		C3EC11B61B874E9B00FB672C /* SDWebImageManager.m in Sources */ = {isa = PBXBuildFile; fileRef = C3EC119D1B874E9B00FB672C /* SDWebImageManager.m */; };
		C3EC11B71B874E9B00FB672C /* SDWebImagePrefetcher.m in Sources */ = {isa = PBXBuildFile; fileRef = C3EC11A01B874E9B00FB672C /* SDWebImagePrefetcher.m */; };
		C3EC11B81B874E9B00FB672C /* UIButton+WebCache.m in Sources */ = {isa = PBXBuildFile; fileRef = C3EC11A21B874E9B00FB672C /* UIButton+WebCache.m */; };
		C3EC11B91B874E9B00FB672C /* UIImage+GIF.m in Sources */ = {isa = PBXBuildFile; fileRef = C3EC11A41B874E9B00FB672C /* UIImage+GIF.m */; };
		C3EC11BA1B874E9B00FB672C /* UIImage+MultiFormat.m in Sources */ = {isa = PBXBuildFile; fileRef = C3EC11A61B874E9B00FB672C /* UIImage+MultiFormat.m */; };
		C3EC11BB1B874E9B00FB672C /* UIImage+WebP.m in Sources */ = {isa = PBXBuildFile; fileRef = C3EC11A81B874E9B00FB672C /* UIImage+WebP.m */; };
		C3EC11BC1B874E9B00FB672C /* UIImageView+HighlightedWebCache.m in Sources */ = {isa = PBXBuildFile; fileRef = C3EC11AA1B874E9B00FB672C /* UIImageView+HighlightedWebCache.m */; };
		C3EC11BD1B874E9B00FB672C /* UIImageView+WebCache.m in Sources */ = {isa = PBXBuildFile; fileRef = C3EC11AC1B874E9B00FB672C /* UIImageView+WebCache.m */; };
		C3EC11BE1B874E9B00FB672C /* UIView+WebCacheOperation.m in Sources */ = {isa = PBXBuildFile; fileRef = C3EC11AE1B874E9B00FB672C /* UIView+WebCacheOperation.m */; };
		C3F318B51B7CD9EB00899FB6 /* AppDelegate.swift in Sources */ = {isa = PBXBuildFile; fileRef = C3F318B41B7CD9EB00899FB6 /* AppDelegate.swift */; };
		C3F5830D1BCD3B4F001873E9 /* LocationUpdater.swift in Sources */ = {isa = PBXBuildFile; fileRef = F91053881B8923DF00AF0A71 /* LocationUpdater.swift */; };
		D914C6EA1D89C95600C16DD5 /* Alamofire.framework in Embed Frameworks */ = {isa = PBXBuildFile; fileRef = D914C6D31D89C38D00C16DD5 /* Alamofire.framework */; settings = {ATTRIBUTES = (CodeSignOnCopy, RemoveHeadersOnCopy, ); }; };
		D91E3F9A1C13680600836CC4 /* PhotosViewControllerSpec.swift in Sources */ = {isa = PBXBuildFile; fileRef = D91E3F991C13680600836CC4 /* PhotosViewControllerSpec.swift */; };
		D91E3FB21C13684C00836CC4 /* PhotosViewController.swift in Sources */ = {isa = PBXBuildFile; fileRef = C391BD641BC2C515009B82F1 /* PhotosViewController.swift */; };
		D91E3FB31C136A5A00836CC4 /* PhotoCell.swift in Sources */ = {isa = PBXBuildFile; fileRef = C391BD6E1BC2E896009B82F1 /* PhotoCell.swift */; };
		D91E3FB41C136C1A00836CC4 /* PhotosHeaderView.swift in Sources */ = {isa = PBXBuildFile; fileRef = C391BD701BC30448009B82F1 /* PhotosHeaderView.swift */; };
		D91E3FB51C136C1E00836CC4 /* PhotoListManager.swift in Sources */ = {isa = PBXBuildFile; fileRef = F910538A1B8A080400AF0A71 /* PhotoListManager.swift */; };
		D91E3FB61C136C2400836CC4 /* PhotoListFetcher.swift in Sources */ = {isa = PBXBuildFile; fileRef = C3D4AA971B7D0E160096656F /* PhotoListFetcher.swift */; };
		D91E3FB71C136C2D00836CC4 /* PhotoFullScreenViewController.swift in Sources */ = {isa = PBXBuildFile; fileRef = C3304DB41B7E83DE00968E0D /* PhotoFullScreenViewController.swift */; };
		D91E3FB81C136C3000836CC4 /* PhotoLoadViewController.swift in Sources */ = {isa = PBXBuildFile; fileRef = F91142611B7FD35600992E9E /* PhotoLoadViewController.swift */; };
		D91E3FB91C136C3400836CC4 /* Utils.swift in Sources */ = {isa = PBXBuildFile; fileRef = F93004C71B80BCDC007E74C1 /* Utils.swift */; };
		D91E3FBA1C136C3800836CC4 /* NetworkStatus.swift in Sources */ = {isa = PBXBuildFile; fileRef = F91053801B891A2C00AF0A71 /* NetworkStatus.swift */; };
		D91E3FBB1C136C4A00836CC4 /* FadeViewTransitionAnimator.swift in Sources */ = {isa = PBXBuildFile; fileRef = C373B6571BC6995900869AC8 /* FadeViewTransitionAnimator.swift */; };
		D91E3FBD1C136F0800836CC4 /* SDWebImageCompat.m in Sources */ = {isa = PBXBuildFile; fileRef = C3EC11951B874E9A00FB672C /* SDWebImageCompat.m */; };
		D91E3FBF1C136F0D00836CC4 /* SDWebImageDownloader.m in Sources */ = {isa = PBXBuildFile; fileRef = C3EC11991B874E9A00FB672C /* SDWebImageDownloader.m */; };
		D91E3FC01C136F1000836CC4 /* SDImageCache.m in Sources */ = {isa = PBXBuildFile; fileRef = C3EC11931B874E9A00FB672C /* SDImageCache.m */; };
		D91E3FC11C136F1500836CC4 /* SDWebImageDownloaderOperation.m in Sources */ = {isa = PBXBuildFile; fileRef = C3EC119B1B874E9B00FB672C /* SDWebImageDownloaderOperation.m */; };
		D91E3FC21C136F1800836CC4 /* SDWebImageManager.m in Sources */ = {isa = PBXBuildFile; fileRef = C3EC119D1B874E9B00FB672C /* SDWebImageManager.m */; };
		D91E3FC31C136F1C00836CC4 /* SDWebImagePrefetcher.m in Sources */ = {isa = PBXBuildFile; fileRef = C3EC11A01B874E9B00FB672C /* SDWebImagePrefetcher.m */; };
		D91E3FC41C136F1F00836CC4 /* UIButton+WebCache.m in Sources */ = {isa = PBXBuildFile; fileRef = C3EC11A21B874E9B00FB672C /* UIButton+WebCache.m */; };
		D91E3FC51C136F2200836CC4 /* UIImage+GIF.m in Sources */ = {isa = PBXBuildFile; fileRef = C3EC11A41B874E9B00FB672C /* UIImage+GIF.m */; };
		D91E3FC61C136F2500836CC4 /* UIImage+MultiFormat.m in Sources */ = {isa = PBXBuildFile; fileRef = C3EC11A61B874E9B00FB672C /* UIImage+MultiFormat.m */; };
		D91E3FC71C136F2900836CC4 /* UIImage+WebP.m in Sources */ = {isa = PBXBuildFile; fileRef = C3EC11A81B874E9B00FB672C /* UIImage+WebP.m */; };
		D91E3FC81C136F2D00836CC4 /* UIImageView+HighlightedWebCache.m in Sources */ = {isa = PBXBuildFile; fileRef = C3EC11AA1B874E9B00FB672C /* UIImageView+HighlightedWebCache.m */; };
		D91E3FC91C136F3000836CC4 /* UIImageView+WebCache.m in Sources */ = {isa = PBXBuildFile; fileRef = C3EC11AC1B874E9B00FB672C /* UIImageView+WebCache.m */; };
		D91E3FCA1C136F3400836CC4 /* UIView+WebCacheOperation.m in Sources */ = {isa = PBXBuildFile; fileRef = C3EC11AE1B874E9B00FB672C /* UIView+WebCacheOperation.m */; };
		D93D330B1C8CE86B00CECF60 /* MockNetwork.swift in Sources */ = {isa = PBXBuildFile; fileRef = D93D330A1C8CE86B00CECF60 /* MockNetwork.swift */; };
		D93D33241C8CE8A700CECF60 /* MockPhotoListFetcherDelegate.swift in Sources */ = {isa = PBXBuildFile; fileRef = D93D33231C8CE8A700CECF60 /* MockPhotoListFetcherDelegate.swift */; };
		D96FEBF51CB04E4F005AAF89 /* Swinject.framework in CopyFiles */ = {isa = PBXBuildFile; fileRef = F97857761C43179B00EE9425 /* Swinject.framework */; settings = {ATTRIBUTES = (CodeSignOnCopy, RemoveHeadersOnCopy, ); }; };
		D9F8344820CC189200754B43 /* SDAnimatedImageRep.m in Sources */ = {isa = PBXBuildFile; fileRef = D9F8342C20CC189000754B43 /* SDAnimatedImageRep.m */; };
		D9F8344920CC189200754B43 /* SDWebImageCoderHelper.m in Sources */ = {isa = PBXBuildFile; fileRef = D9F8342F20CC189000754B43 /* SDWebImageCoderHelper.m */; };
		D9F8344A20CC189200754B43 /* UIView+WebCache.m in Sources */ = {isa = PBXBuildFile; fileRef = D9F8343020CC189000754B43 /* UIView+WebCache.m */; };
		D9F8344B20CC189200754B43 /* SDWebImageGIFCoder.m in Sources */ = {isa = PBXBuildFile; fileRef = D9F8343120CC189000754B43 /* SDWebImageGIFCoder.m */; };
		D9F8344C20CC189200754B43 /* SDWebImageImageIOCoder.m in Sources */ = {isa = PBXBuildFile; fileRef = D9F8343220CC189000754B43 /* SDWebImageImageIOCoder.m */; };
		D9F8344D20CC189200754B43 /* SDWebImageTransition.m in Sources */ = {isa = PBXBuildFile; fileRef = D9F8343320CC189100754B43 /* SDWebImageTransition.m */; };
		D9F8344E20CC189200754B43 /* UIImage+ForceDecode.m in Sources */ = {isa = PBXBuildFile; fileRef = D9F8343420CC189100754B43 /* UIImage+ForceDecode.m */; };
		D9F8344F20CC189200754B43 /* NSImage+WebCache.m in Sources */ = {isa = PBXBuildFile; fileRef = D9F8343820CC189100754B43 /* NSImage+WebCache.m */; };
		D9F8345020CC189200754B43 /* SDImageCacheConfig.m in Sources */ = {isa = PBXBuildFile; fileRef = D9F8343A20CC189100754B43 /* SDImageCacheConfig.m */; };
		D9F8345120CC189200754B43 /* SDWebImageCoder.m in Sources */ = {isa = PBXBuildFile; fileRef = D9F8343C20CC189100754B43 /* SDWebImageCoder.m */; };
		D9F8345220CC189200754B43 /* SDWebImageFrame.m in Sources */ = {isa = PBXBuildFile; fileRef = D9F8343D20CC189100754B43 /* SDWebImageFrame.m */; };
		D9F8345320CC189200754B43 /* NSButton+WebCache.m in Sources */ = {isa = PBXBuildFile; fileRef = D9F8344220CC189200754B43 /* NSButton+WebCache.m */; };
		D9F8345420CC189200754B43 /* SDWebImageCodersManager.m in Sources */ = {isa = PBXBuildFile; fileRef = D9F8344420CC189200754B43 /* SDWebImageCodersManager.m */; };
		D9F8345520CC189200754B43 /* SDWebImageWebPCoder.m in Sources */ = {isa = PBXBuildFile; fileRef = D9F8344620CC189200754B43 /* SDWebImageWebPCoder.m */; };
		F91053811B891A2C00AF0A71 /* NetworkStatus.swift in Sources */ = {isa = PBXBuildFile; fileRef = F91053801B891A2C00AF0A71 /* NetworkStatus.swift */; };
		F91053891B8923DF00AF0A71 /* LocationUpdater.swift in Sources */ = {isa = PBXBuildFile; fileRef = F91053881B8923DF00AF0A71 /* LocationUpdater.swift */; };
		F910538B1B8A080400AF0A71 /* PhotoListManager.swift in Sources */ = {isa = PBXBuildFile; fileRef = F910538A1B8A080400AF0A71 /* PhotoListManager.swift */; };
		F91142621B7FD35600992E9E /* PhotoLoadViewController.swift in Sources */ = {isa = PBXBuildFile; fileRef = F91142611B7FD35600992E9E /* PhotoLoadViewController.swift */; };
		F9206567263C883200AA10F0 /* Nimble.framework in CopyFiles */ = {isa = PBXBuildFile; fileRef = F9206566263C883200AA10F0 /* Nimble.framework */; settings = {ATTRIBUTES = (CodeSignOnCopy, RemoveHeadersOnCopy, ); }; };
		F9206569263C884200AA10F0 /* Quick.framework in CopyFiles */ = {isa = PBXBuildFile; fileRef = F9206568263C884200AA10F0 /* Quick.framework */; settings = {ATTRIBUTES = (CodeSignOnCopy, RemoveHeadersOnCopy, ); }; };
		F920656A263C8BBC00AA10F0 /* Main.storyboard in Resources */ = {isa = PBXBuildFile; fileRef = C3F318B81B7CD9EB00899FB6 /* Main.storyboard */; };
		F920D4B31C5EC62F00EE4484 /* LocationUpdaterSpec.swift in Sources */ = {isa = PBXBuildFile; fileRef = F920D4B21C5EC62F00EE4484 /* LocationUpdaterSpec.swift */; };
		F92C5F221C4BE01300688BCF /* PhotoListFetcherSpec.swift in Sources */ = {isa = PBXBuildFile; fileRef = F92C5F211C4BE01300688BCF /* PhotoListFetcherSpec.swift */; };
		F92C5F3F1C4C083B00688BCF /* Flickr.swift in Sources */ = {isa = PBXBuildFile; fileRef = F92C5F3E1C4C083B00688BCF /* Flickr.swift */; };
		F92C5F411C4C1ADD00688BCF /* Networking.swift in Sources */ = {isa = PBXBuildFile; fileRef = F92C5F401C4C1ADD00688BCF /* Networking.swift */; };
		F92C5F431C4C1B0C00688BCF /* Network.swift in Sources */ = {isa = PBXBuildFile; fileRef = F92C5F421C4C1B0C00688BCF /* Network.swift */; };
		F92C5F441C4C2EA100688BCF /* Flickr.swift in Sources */ = {isa = PBXBuildFile; fileRef = F92C5F3E1C4C083B00688BCF /* Flickr.swift */; };
		F92C5F451C4C2EA100688BCF /* Network.swift in Sources */ = {isa = PBXBuildFile; fileRef = F92C5F421C4C1B0C00688BCF /* Network.swift */; };
		F92C5F461C4C2EA100688BCF /* Networking.swift in Sources */ = {isa = PBXBuildFile; fileRef = F92C5F401C4C1ADD00688BCF /* Networking.swift */; };
		F93004C81B80BCDC007E74C1 /* Utils.swift in Sources */ = {isa = PBXBuildFile; fileRef = F93004C71B80BCDC007E74C1 /* Utils.swift */; };
		F9623A911C67F4F800499FEE /* MockPhotoListManager.swift in Sources */ = {isa = PBXBuildFile; fileRef = F9623A901C67F4F800499FEE /* MockPhotoListManager.swift */; };
		F9771827263C85720050E448 /* Nimble.framework in Frameworks */ = {isa = PBXBuildFile; fileRef = F9771825263C85550050E448 /* Nimble.framework */; };
		F9771829263C85890050E448 /* Quick.framework in Frameworks */ = {isa = PBXBuildFile; fileRef = F9771828263C85890050E448 /* Quick.framework */; };
		F97857771C43179B00EE9425 /* Swinject.framework in Frameworks */ = {isa = PBXBuildFile; fileRef = F97857761C43179B00EE9425 /* Swinject.framework */; };
		F97C3EB81C0B4E0900EB5362 /* FlickrApiUtilsSpec.swift in Sources */ = {isa = PBXBuildFile; fileRef = F97C3EB71C0B4E0900EB5362 /* FlickrApiUtilsSpec.swift */; };
		F97C3EBA1C0B4EF300EB5362 /* LocalViewTests.swift in Sources */ = {isa = PBXBuildFile; fileRef = F97C3EB91C0B4EF300EB5362 /* LocalViewTests.swift */; };
		F9949A681C557B6900D89268 /* LocalViewTestsHelpers.swift in Sources */ = {isa = PBXBuildFile; fileRef = F9949A671C557B6900D89268 /* LocalViewTestsHelpers.swift */; };
		F9D89DE220CDEA1300B67025 /* SwiftyJSON.framework in Embed Frameworks */ = {isa = PBXBuildFile; fileRef = D9F8341F20CC171900754B43 /* SwiftyJSON.framework */; settings = {ATTRIBUTES = (CodeSignOnCopy, RemoveHeadersOnCopy, ); }; };
/* End PBXBuildFile section */

/* Begin PBXContainerItemProxy section */
		C3F318C51B7CD9EB00899FB6 /* PBXContainerItemProxy */ = {
			isa = PBXContainerItemProxy;
			containerPortal = C3F318A71B7CD9EB00899FB6 /* Project object */;
			proxyType = 1;
			remoteGlobalIDString = C3F318AE1B7CD9EB00899FB6;
			remoteInfo = localview;
		};
		D914C6D21D89C38D00C16DD5 /* PBXContainerItemProxy */ = {
			isa = PBXContainerItemProxy;
			containerPortal = D914C6C71D89C38D00C16DD5 /* Alamofire.xcodeproj */;
			proxyType = 2;
			remoteGlobalIDString = F8111E3319A95C8B0040E7D1;
			remoteInfo = "Alamofire iOS";
		};
		D914C6D41D89C38D00C16DD5 /* PBXContainerItemProxy */ = {
			isa = PBXContainerItemProxy;
			containerPortal = D914C6C71D89C38D00C16DD5 /* Alamofire.xcodeproj */;
			proxyType = 2;
			remoteGlobalIDString = F8111E3E19A95C8B0040E7D1;
			remoteInfo = "Alamofire iOS Tests";
		};
		D914C6D61D89C38D00C16DD5 /* PBXContainerItemProxy */ = {
			isa = PBXContainerItemProxy;
			containerPortal = D914C6C71D89C38D00C16DD5 /* Alamofire.xcodeproj */;
			proxyType = 2;
			remoteGlobalIDString = 4DD67C0B1A5C55C900ED2280;
			remoteInfo = "Alamofire OSX";
		};
		D914C6D81D89C38D00C16DD5 /* PBXContainerItemProxy */ = {
			isa = PBXContainerItemProxy;
			containerPortal = D914C6C71D89C38D00C16DD5 /* Alamofire.xcodeproj */;
			proxyType = 2;
			remoteGlobalIDString = F829C6B21A7A94F100A2CD59;
			remoteInfo = "Alamofire OSX Tests";
		};
		D914C6DA1D89C38D00C16DD5 /* PBXContainerItemProxy */ = {
			isa = PBXContainerItemProxy;
			containerPortal = D914C6C71D89C38D00C16DD5 /* Alamofire.xcodeproj */;
			proxyType = 2;
			remoteGlobalIDString = 4CF626EF1BA7CB3E0011A099;
			remoteInfo = "Alamofire tvOS";
		};
		D914C6DC1D89C38D00C16DD5 /* PBXContainerItemProxy */ = {
			isa = PBXContainerItemProxy;
			containerPortal = D914C6C71D89C38D00C16DD5 /* Alamofire.xcodeproj */;
			proxyType = 2;
			remoteGlobalIDString = 4CF626F81BA7CB3E0011A099;
			remoteInfo = "Alamofire tvOS Tests";
		};
		D914C6DE1D89C38D00C16DD5 /* PBXContainerItemProxy */ = {
			isa = PBXContainerItemProxy;
			containerPortal = D914C6C71D89C38D00C16DD5 /* Alamofire.xcodeproj */;
			proxyType = 2;
			remoteGlobalIDString = E4202FE01B667AA100C997FB;
			remoteInfo = "Alamofire watchOS";
		};
		D9F8341E20CC171900754B43 /* PBXContainerItemProxy */ = {
			isa = PBXContainerItemProxy;
			containerPortal = D914C6E01D89C39D00C16DD5 /* SwiftyJSON.xcodeproj */;
			proxyType = 2;
			remoteGlobalIDString = 2E4FEFDB19575BE100351305;
			remoteInfo = "SwiftyJSON iOS";
		};
		D9F8342020CC171900754B43 /* PBXContainerItemProxy */ = {
			isa = PBXContainerItemProxy;
			containerPortal = D914C6E01D89C39D00C16DD5 /* SwiftyJSON.xcodeproj */;
			proxyType = 2;
			remoteGlobalIDString = 2E4FEFE619575BE100351305;
			remoteInfo = "SwiftyJSON iOS Tests";
		};
		D9F8342220CC171900754B43 /* PBXContainerItemProxy */ = {
			isa = PBXContainerItemProxy;
			containerPortal = D914C6E01D89C39D00C16DD5 /* SwiftyJSON.xcodeproj */;
			proxyType = 2;
			remoteGlobalIDString = 9C7DFC5B1A9102BD005AA3F7;
			remoteInfo = "SwiftyJSON macOS";
		};
		D9F8342420CC171900754B43 /* PBXContainerItemProxy */ = {
			isa = PBXContainerItemProxy;
			containerPortal = D914C6E01D89C39D00C16DD5 /* SwiftyJSON.xcodeproj */;
			proxyType = 2;
			remoteGlobalIDString = 9C7DFC651A9102BD005AA3F7;
			remoteInfo = "SwiftyJSON macOS Tests";
		};
		D9F8342620CC171900754B43 /* PBXContainerItemProxy */ = {
			isa = PBXContainerItemProxy;
			containerPortal = D914C6E01D89C39D00C16DD5 /* SwiftyJSON.xcodeproj */;
			proxyType = 2;
			remoteGlobalIDString = E4D7CCE81B9465A700EE7221;
			remoteInfo = "SwiftyJSON watchOS";
		};
		D9F8342820CC171900754B43 /* PBXContainerItemProxy */ = {
			isa = PBXContainerItemProxy;
			containerPortal = D914C6E01D89C39D00C16DD5 /* SwiftyJSON.xcodeproj */;
			proxyType = 2;
			remoteGlobalIDString = 7236B4F61BAC14150020529B;
			remoteInfo = "SwiftyJSON tvOS";
		};
		D9F8342A20CC171900754B43 /* PBXContainerItemProxy */ = {
			isa = PBXContainerItemProxy;
			containerPortal = D914C6E01D89C39D00C16DD5 /* SwiftyJSON.xcodeproj */;
			proxyType = 2;
			remoteGlobalIDString = A8580F741BCF5C5B00DA927B;
			remoteInfo = "SwiftyJSON tvOS Tests";
		};
/* End PBXContainerItemProxy section */

/* Begin PBXCopyFilesBuildPhase section */
		C3D5AC2C1B85F4DA008C5E7B /* Embed Frameworks */ = {
			isa = PBXCopyFilesBuildPhase;
			buildActionMask = 2147483647;
			dstPath = "";
			dstSubfolderSpec = 10;
			files = (
				F9D89DE220CDEA1300B67025 /* SwiftyJSON.framework in Embed Frameworks */,
				D914C6EA1D89C95600C16DD5 /* Alamofire.framework in Embed Frameworks */,
			);
			name = "Embed Frameworks";
			runOnlyForDeploymentPostprocessing = 0;
		};
		D96FEBDD1CB04E2B005AAF89 /* CopyFiles */ = {
			isa = PBXCopyFilesBuildPhase;
			buildActionMask = 12;
			dstPath = "";
			dstSubfolderSpec = 10;
			files = (
				F9206567263C883200AA10F0 /* Nimble.framework in CopyFiles */,
				F9206569263C884200AA10F0 /* Quick.framework in CopyFiles */,
				D96FEBF51CB04E4F005AAF89 /* Swinject.framework in CopyFiles */,
			);
			runOnlyForDeploymentPostprocessing = 0;
		};
/* End PBXCopyFilesBuildPhase section */

/* Begin PBXFileReference section */
		C31E12771B874B8C00B3AA67 /* localview-Bridging-Header.h */ = {isa = PBXFileReference; lastKnownFileType = sourcecode.c.h; path = "localview-Bridging-Header.h"; sourceTree = "<group>"; };
		C3304DB41B7E83DE00968E0D /* PhotoFullScreenViewController.swift */ = {isa = PBXFileReference; fileEncoding = 4; lastKnownFileType = sourcecode.swift; path = PhotoFullScreenViewController.swift; sourceTree = "<group>"; };
		C359A8ED1BC54EE70066FCFC /* FlickrApiUtils.swift */ = {isa = PBXFileReference; fileEncoding = 4; lastKnownFileType = sourcecode.swift; path = FlickrApiUtils.swift; sourceTree = "<group>"; };
		C373B6551BC695E500869AC8 /* PopViewTransitionAnimator.swift */ = {isa = PBXFileReference; fileEncoding = 4; lastKnownFileType = sourcecode.swift; path = PopViewTransitionAnimator.swift; sourceTree = "<group>"; };
		C373B6571BC6995900869AC8 /* FadeViewTransitionAnimator.swift */ = {isa = PBXFileReference; fileEncoding = 4; lastKnownFileType = sourcecode.swift; path = FadeViewTransitionAnimator.swift; sourceTree = "<group>"; };
		C3749D211BCBE15800BF4729 /* good-flickr-response.json */ = {isa = PBXFileReference; fileEncoding = 4; lastKnownFileType = text.json; path = "good-flickr-response.json"; sourceTree = "<group>"; };
		C3749D2B1BCC2A4700BF4729 /* bad-flickr-response.json */ = {isa = PBXFileReference; fileEncoding = 4; lastKnownFileType = text.json; path = "bad-flickr-response.json"; sourceTree = "<group>"; };
		C37993BD1BC5AFB100C41C17 /* SplitViewTransitionAnimator.swift */ = {isa = PBXFileReference; fileEncoding = 4; lastKnownFileType = sourcecode.swift; path = SplitViewTransitionAnimator.swift; sourceTree = "<group>"; };
		C391BD641BC2C515009B82F1 /* PhotosViewController.swift */ = {isa = PBXFileReference; fileEncoding = 4; lastKnownFileType = sourcecode.swift; path = PhotosViewController.swift; sourceTree = "<group>"; };
		C391BD6E1BC2E896009B82F1 /* PhotoCell.swift */ = {isa = PBXFileReference; fileEncoding = 4; lastKnownFileType = sourcecode.swift; path = PhotoCell.swift; sourceTree = "<group>"; };
		C391BD701BC30448009B82F1 /* PhotosHeaderView.swift */ = {isa = PBXFileReference; fileEncoding = 4; lastKnownFileType = sourcecode.swift; path = PhotosHeaderView.swift; sourceTree = "<group>"; };
		C3D4AA931B7CE6980096656F /* FlickrConstants.swift */ = {isa = PBXFileReference; fileEncoding = 4; lastKnownFileType = sourcecode.swift; path = FlickrConstants.swift; sourceTree = "<group>"; };
		C3D4AA951B7CE9CB0096656F /* CoreLocation.framework */ = {isa = PBXFileReference; lastKnownFileType = wrapper.framework; name = CoreLocation.framework; path = System/Library/Frameworks/CoreLocation.framework; sourceTree = SDKROOT; };
		C3D4AA971B7D0E160096656F /* PhotoListFetcher.swift */ = {isa = PBXFileReference; fileEncoding = 4; lastKnownFileType = sourcecode.swift; path = PhotoListFetcher.swift; sourceTree = "<group>"; };
		C3D4AA991B7D100B0096656F /* FlickrPhoto.swift */ = {isa = PBXFileReference; fileEncoding = 4; lastKnownFileType = sourcecode.swift; path = FlickrPhoto.swift; sourceTree = "<group>"; };
		C3EC118E1B874E9A00FB672C /* MKAnnotationView+WebCache.h */ = {isa = PBXFileReference; fileEncoding = 4; lastKnownFileType = sourcecode.c.h; path = "MKAnnotationView+WebCache.h"; sourceTree = "<group>"; };
		C3EC118F1B874E9A00FB672C /* MKAnnotationView+WebCache.m */ = {isa = PBXFileReference; fileEncoding = 4; lastKnownFileType = sourcecode.c.objc; path = "MKAnnotationView+WebCache.m"; sourceTree = "<group>"; };
		C3EC11901B874E9A00FB672C /* NSData+ImageContentType.h */ = {isa = PBXFileReference; fileEncoding = 4; lastKnownFileType = sourcecode.c.h; path = "NSData+ImageContentType.h"; sourceTree = "<group>"; };
		C3EC11911B874E9A00FB672C /* NSData+ImageContentType.m */ = {isa = PBXFileReference; fileEncoding = 4; lastKnownFileType = sourcecode.c.objc; path = "NSData+ImageContentType.m"; sourceTree = "<group>"; };
		C3EC11921B874E9A00FB672C /* SDImageCache.h */ = {isa = PBXFileReference; fileEncoding = 4; lastKnownFileType = sourcecode.c.h; path = SDImageCache.h; sourceTree = "<group>"; };
		C3EC11931B874E9A00FB672C /* SDImageCache.m */ = {isa = PBXFileReference; fileEncoding = 4; lastKnownFileType = sourcecode.c.objc; path = SDImageCache.m; sourceTree = "<group>"; };
		C3EC11941B874E9A00FB672C /* SDWebImageCompat.h */ = {isa = PBXFileReference; fileEncoding = 4; lastKnownFileType = sourcecode.c.h; path = SDWebImageCompat.h; sourceTree = "<group>"; };
		C3EC11951B874E9A00FB672C /* SDWebImageCompat.m */ = {isa = PBXFileReference; fileEncoding = 4; lastKnownFileType = sourcecode.c.objc; path = SDWebImageCompat.m; sourceTree = "<group>"; };
		C3EC11981B874E9A00FB672C /* SDWebImageDownloader.h */ = {isa = PBXFileReference; fileEncoding = 4; lastKnownFileType = sourcecode.c.h; path = SDWebImageDownloader.h; sourceTree = "<group>"; };
		C3EC11991B874E9A00FB672C /* SDWebImageDownloader.m */ = {isa = PBXFileReference; fileEncoding = 4; lastKnownFileType = sourcecode.c.objc; path = SDWebImageDownloader.m; sourceTree = "<group>"; };
		C3EC119A1B874E9A00FB672C /* SDWebImageDownloaderOperation.h */ = {isa = PBXFileReference; fileEncoding = 4; lastKnownFileType = sourcecode.c.h; path = SDWebImageDownloaderOperation.h; sourceTree = "<group>"; };
		C3EC119B1B874E9B00FB672C /* SDWebImageDownloaderOperation.m */ = {isa = PBXFileReference; fileEncoding = 4; lastKnownFileType = sourcecode.c.objc; path = SDWebImageDownloaderOperation.m; sourceTree = "<group>"; };
		C3EC119C1B874E9B00FB672C /* SDWebImageManager.h */ = {isa = PBXFileReference; fileEncoding = 4; lastKnownFileType = sourcecode.c.h; path = SDWebImageManager.h; sourceTree = "<group>"; };
		C3EC119D1B874E9B00FB672C /* SDWebImageManager.m */ = {isa = PBXFileReference; fileEncoding = 4; lastKnownFileType = sourcecode.c.objc; path = SDWebImageManager.m; sourceTree = "<group>"; };
		C3EC119E1B874E9B00FB672C /* SDWebImageOperation.h */ = {isa = PBXFileReference; fileEncoding = 4; lastKnownFileType = sourcecode.c.h; path = SDWebImageOperation.h; sourceTree = "<group>"; };
		C3EC119F1B874E9B00FB672C /* SDWebImagePrefetcher.h */ = {isa = PBXFileReference; fileEncoding = 4; lastKnownFileType = sourcecode.c.h; path = SDWebImagePrefetcher.h; sourceTree = "<group>"; };
		C3EC11A01B874E9B00FB672C /* SDWebImagePrefetcher.m */ = {isa = PBXFileReference; fileEncoding = 4; lastKnownFileType = sourcecode.c.objc; path = SDWebImagePrefetcher.m; sourceTree = "<group>"; };
		C3EC11A11B874E9B00FB672C /* UIButton+WebCache.h */ = {isa = PBXFileReference; fileEncoding = 4; lastKnownFileType = sourcecode.c.h; path = "UIButton+WebCache.h"; sourceTree = "<group>"; };
		C3EC11A21B874E9B00FB672C /* UIButton+WebCache.m */ = {isa = PBXFileReference; fileEncoding = 4; lastKnownFileType = sourcecode.c.objc; path = "UIButton+WebCache.m"; sourceTree = "<group>"; };
		C3EC11A31B874E9B00FB672C /* UIImage+GIF.h */ = {isa = PBXFileReference; fileEncoding = 4; lastKnownFileType = sourcecode.c.h; path = "UIImage+GIF.h"; sourceTree = "<group>"; };
		C3EC11A41B874E9B00FB672C /* UIImage+GIF.m */ = {isa = PBXFileReference; fileEncoding = 4; lastKnownFileType = sourcecode.c.objc; path = "UIImage+GIF.m"; sourceTree = "<group>"; };
		C3EC11A51B874E9B00FB672C /* UIImage+MultiFormat.h */ = {isa = PBXFileReference; fileEncoding = 4; lastKnownFileType = sourcecode.c.h; path = "UIImage+MultiFormat.h"; sourceTree = "<group>"; };
		C3EC11A61B874E9B00FB672C /* UIImage+MultiFormat.m */ = {isa = PBXFileReference; fileEncoding = 4; lastKnownFileType = sourcecode.c.objc; path = "UIImage+MultiFormat.m"; sourceTree = "<group>"; };
		C3EC11A71B874E9B00FB672C /* UIImage+WebP.h */ = {isa = PBXFileReference; fileEncoding = 4; lastKnownFileType = sourcecode.c.h; path = "UIImage+WebP.h"; sourceTree = "<group>"; };
		C3EC11A81B874E9B00FB672C /* UIImage+WebP.m */ = {isa = PBXFileReference; fileEncoding = 4; lastKnownFileType = sourcecode.c.objc; path = "UIImage+WebP.m"; sourceTree = "<group>"; };
		C3EC11A91B874E9B00FB672C /* UIImageView+HighlightedWebCache.h */ = {isa = PBXFileReference; fileEncoding = 4; lastKnownFileType = sourcecode.c.h; path = "UIImageView+HighlightedWebCache.h"; sourceTree = "<group>"; };
		C3EC11AA1B874E9B00FB672C /* UIImageView+HighlightedWebCache.m */ = {isa = PBXFileReference; fileEncoding = 4; lastKnownFileType = sourcecode.c.objc; path = "UIImageView+HighlightedWebCache.m"; sourceTree = "<group>"; };
		C3EC11AB1B874E9B00FB672C /* UIImageView+WebCache.h */ = {isa = PBXFileReference; fileEncoding = 4; lastKnownFileType = sourcecode.c.h; path = "UIImageView+WebCache.h"; sourceTree = "<group>"; };
		C3EC11AC1B874E9B00FB672C /* UIImageView+WebCache.m */ = {isa = PBXFileReference; fileEncoding = 4; lastKnownFileType = sourcecode.c.objc; path = "UIImageView+WebCache.m"; sourceTree = "<group>"; };
		C3EC11AD1B874E9B00FB672C /* UIView+WebCacheOperation.h */ = {isa = PBXFileReference; fileEncoding = 4; lastKnownFileType = sourcecode.c.h; path = "UIView+WebCacheOperation.h"; sourceTree = "<group>"; };
		C3EC11AE1B874E9B00FB672C /* UIView+WebCacheOperation.m */ = {isa = PBXFileReference; fileEncoding = 4; lastKnownFileType = sourcecode.c.objc; path = "UIView+WebCacheOperation.m"; sourceTree = "<group>"; };
		C3F318AF1B7CD9EB00899FB6 /* localview.app */ = {isa = PBXFileReference; explicitFileType = wrapper.application; includeInIndex = 0; path = localview.app; sourceTree = BUILT_PRODUCTS_DIR; };
		C3F318B31B7CD9EB00899FB6 /* Info.plist */ = {isa = PBXFileReference; lastKnownFileType = text.plist.xml; path = Info.plist; sourceTree = "<group>"; };
		C3F318B41B7CD9EB00899FB6 /* AppDelegate.swift */ = {isa = PBXFileReference; lastKnownFileType = sourcecode.swift; path = AppDelegate.swift; sourceTree = "<group>"; };
		C3F318B91B7CD9EB00899FB6 /* Base */ = {isa = PBXFileReference; lastKnownFileType = file.storyboard; name = Base; path = Base.lproj/Main.storyboard; sourceTree = "<group>"; };
		C3F318BB1B7CD9EB00899FB6 /* Images.xcassets */ = {isa = PBXFileReference; lastKnownFileType = folder.assetcatalog; path = Images.xcassets; sourceTree = "<group>"; };
		C3F318BE1B7CD9EB00899FB6 /* Base */ = {isa = PBXFileReference; lastKnownFileType = file.xib; name = Base; path = Base.lproj/LaunchScreen.xib; sourceTree = "<group>"; };
		C3F318C41B7CD9EB00899FB6 /* localviewTests.xctest */ = {isa = PBXFileReference; explicitFileType = wrapper.cfbundle; includeInIndex = 0; path = localviewTests.xctest; sourceTree = BUILT_PRODUCTS_DIR; };
		C3F318C91B7CD9EB00899FB6 /* Info.plist */ = {isa = PBXFileReference; lastKnownFileType = text.plist.xml; path = Info.plist; sourceTree = "<group>"; };
		D914C6C71D89C38D00C16DD5 /* Alamofire.xcodeproj */ = {isa = PBXFileReference; lastKnownFileType = "wrapper.pb-project"; name = Alamofire.xcodeproj; path = ThirdPartyLib/Alamofire/Alamofire.xcodeproj; sourceTree = SOURCE_ROOT; };
		D914C6E01D89C39D00C16DD5 /* SwiftyJSON.xcodeproj */ = {isa = PBXFileReference; lastKnownFileType = "wrapper.pb-project"; name = SwiftyJSON.xcodeproj; path = ThirdPartyLib/SwiftyJSON/SwiftyJSON.xcodeproj; sourceTree = SOURCE_ROOT; };
		D91E3F991C13680600836CC4 /* PhotosViewControllerSpec.swift */ = {isa = PBXFileReference; fileEncoding = 4; lastKnownFileType = sourcecode.swift; path = PhotosViewControllerSpec.swift; sourceTree = "<group>"; };
		D91E3FBC1C136DFA00836CC4 /* localviewTests-Bridging-Header.h */ = {isa = PBXFileReference; fileEncoding = 4; lastKnownFileType = sourcecode.c.h; path = "localviewTests-Bridging-Header.h"; sourceTree = "<group>"; };
		D93D330A1C8CE86B00CECF60 /* MockNetwork.swift */ = {isa = PBXFileReference; fileEncoding = 4; lastKnownFileType = sourcecode.swift; path = MockNetwork.swift; sourceTree = "<group>"; };
		D93D33231C8CE8A700CECF60 /* MockPhotoListFetcherDelegate.swift */ = {isa = PBXFileReference; fileEncoding = 4; lastKnownFileType = sourcecode.swift; path = MockPhotoListFetcherDelegate.swift; sourceTree = "<group>"; };
		D9F8342C20CC189000754B43 /* SDAnimatedImageRep.m */ = {isa = PBXFileReference; fileEncoding = 4; lastKnownFileType = sourcecode.c.objc; path = SDAnimatedImageRep.m; sourceTree = "<group>"; };
		D9F8342D20CC189000754B43 /* SDWebImageCodersManager.h */ = {isa = PBXFileReference; fileEncoding = 4; lastKnownFileType = sourcecode.c.h; path = SDWebImageCodersManager.h; sourceTree = "<group>"; };
		D9F8342E20CC189000754B43 /* UIView+WebCache.h */ = {isa = PBXFileReference; fileEncoding = 4; lastKnownFileType = sourcecode.c.h; path = "UIView+WebCache.h"; sourceTree = "<group>"; };
		D9F8342F20CC189000754B43 /* SDWebImageCoderHelper.m */ = {isa = PBXFileReference; fileEncoding = 4; lastKnownFileType = sourcecode.c.objc; path = SDWebImageCoderHelper.m; sourceTree = "<group>"; };
		D9F8343020CC189000754B43 /* UIView+WebCache.m */ = {isa = PBXFileReference; fileEncoding = 4; lastKnownFileType = sourcecode.c.objc; path = "UIView+WebCache.m"; sourceTree = "<group>"; };
		D9F8343120CC189000754B43 /* SDWebImageGIFCoder.m */ = {isa = PBXFileReference; fileEncoding = 4; lastKnownFileType = sourcecode.c.objc; path = SDWebImageGIFCoder.m; sourceTree = "<group>"; };
		D9F8343220CC189000754B43 /* SDWebImageImageIOCoder.m */ = {isa = PBXFileReference; fileEncoding = 4; lastKnownFileType = sourcecode.c.objc; path = SDWebImageImageIOCoder.m; sourceTree = "<group>"; };
		D9F8343320CC189100754B43 /* SDWebImageTransition.m */ = {isa = PBXFileReference; fileEncoding = 4; lastKnownFileType = sourcecode.c.objc; path = SDWebImageTransition.m; sourceTree = "<group>"; };
		D9F8343420CC189100754B43 /* UIImage+ForceDecode.m */ = {isa = PBXFileReference; fileEncoding = 4; lastKnownFileType = sourcecode.c.objc; path = "UIImage+ForceDecode.m"; sourceTree = "<group>"; };
		D9F8343520CC189100754B43 /* UIImage+ForceDecode.h */ = {isa = PBXFileReference; fileEncoding = 4; lastKnownFileType = sourcecode.c.h; path = "UIImage+ForceDecode.h"; sourceTree = "<group>"; };
		D9F8343620CC189100754B43 /* SDWebImageWebPCoder.h */ = {isa = PBXFileReference; fileEncoding = 4; lastKnownFileType = sourcecode.c.h; path = SDWebImageWebPCoder.h; sourceTree = "<group>"; };
		D9F8343720CC189100754B43 /* NSButton+WebCache.h */ = {isa = PBXFileReference; fileEncoding = 4; lastKnownFileType = sourcecode.c.h; path = "NSButton+WebCache.h"; sourceTree = "<group>"; };
		D9F8343820CC189100754B43 /* NSImage+WebCache.m */ = {isa = PBXFileReference; fileEncoding = 4; lastKnownFileType = sourcecode.c.objc; path = "NSImage+WebCache.m"; sourceTree = "<group>"; };
		D9F8343920CC189100754B43 /* SDWebImageGIFCoder.h */ = {isa = PBXFileReference; fileEncoding = 4; lastKnownFileType = sourcecode.c.h; path = SDWebImageGIFCoder.h; sourceTree = "<group>"; };
		D9F8343A20CC189100754B43 /* SDImageCacheConfig.m */ = {isa = PBXFileReference; fileEncoding = 4; lastKnownFileType = sourcecode.c.objc; path = SDImageCacheConfig.m; sourceTree = "<group>"; };
		D9F8343B20CC189100754B43 /* SDWebImageCoderHelper.h */ = {isa = PBXFileReference; fileEncoding = 4; lastKnownFileType = sourcecode.c.h; path = SDWebImageCoderHelper.h; sourceTree = "<group>"; };
		D9F8343C20CC189100754B43 /* SDWebImageCoder.m */ = {isa = PBXFileReference; fileEncoding = 4; lastKnownFileType = sourcecode.c.objc; path = SDWebImageCoder.m; sourceTree = "<group>"; };
		D9F8343D20CC189100754B43 /* SDWebImageFrame.m */ = {isa = PBXFileReference; fileEncoding = 4; lastKnownFileType = sourcecode.c.objc; path = SDWebImageFrame.m; sourceTree = "<group>"; };
		D9F8343E20CC189100754B43 /* SDWebImageImageIOCoder.h */ = {isa = PBXFileReference; fileEncoding = 4; lastKnownFileType = sourcecode.c.h; path = SDWebImageImageIOCoder.h; sourceTree = "<group>"; };
		D9F8343F20CC189200754B43 /* NSImage+WebCache.h */ = {isa = PBXFileReference; fileEncoding = 4; lastKnownFileType = sourcecode.c.h; path = "NSImage+WebCache.h"; sourceTree = "<group>"; };
		D9F8344020CC189200754B43 /* SDWebImageTransition.h */ = {isa = PBXFileReference; fileEncoding = 4; lastKnownFileType = sourcecode.c.h; path = SDWebImageTransition.h; sourceTree = "<group>"; };
		D9F8344120CC189200754B43 /* SDImageCacheConfig.h */ = {isa = PBXFileReference; fileEncoding = 4; lastKnownFileType = sourcecode.c.h; path = SDImageCacheConfig.h; sourceTree = "<group>"; };
		D9F8344220CC189200754B43 /* NSButton+WebCache.m */ = {isa = PBXFileReference; fileEncoding = 4; lastKnownFileType = sourcecode.c.objc; path = "NSButton+WebCache.m"; sourceTree = "<group>"; };
		D9F8344320CC189200754B43 /* SDAnimatedImageRep.h */ = {isa = PBXFileReference; fileEncoding = 4; lastKnownFileType = sourcecode.c.h; path = SDAnimatedImageRep.h; sourceTree = "<group>"; };
		D9F8344420CC189200754B43 /* SDWebImageCodersManager.m */ = {isa = PBXFileReference; fileEncoding = 4; lastKnownFileType = sourcecode.c.objc; path = SDWebImageCodersManager.m; sourceTree = "<group>"; };
		D9F8344520CC189200754B43 /* SDWebImageFrame.h */ = {isa = PBXFileReference; fileEncoding = 4; lastKnownFileType = sourcecode.c.h; path = SDWebImageFrame.h; sourceTree = "<group>"; };
		D9F8344620CC189200754B43 /* SDWebImageWebPCoder.m */ = {isa = PBXFileReference; fileEncoding = 4; lastKnownFileType = sourcecode.c.objc; path = SDWebImageWebPCoder.m; sourceTree = "<group>"; };
		D9F8344720CC189200754B43 /* SDWebImageCoder.h */ = {isa = PBXFileReference; fileEncoding = 4; lastKnownFileType = sourcecode.c.h; path = SDWebImageCoder.h; sourceTree = "<group>"; };
		F91053801B891A2C00AF0A71 /* NetworkStatus.swift */ = {isa = PBXFileReference; fileEncoding = 4; lastKnownFileType = sourcecode.swift; path = NetworkStatus.swift; sourceTree = "<group>"; };
		F91053881B8923DF00AF0A71 /* LocationUpdater.swift */ = {isa = PBXFileReference; fileEncoding = 4; lastKnownFileType = sourcecode.swift; path = LocationUpdater.swift; sourceTree = "<group>"; };
		F910538A1B8A080400AF0A71 /* PhotoListManager.swift */ = {isa = PBXFileReference; fileEncoding = 4; lastKnownFileType = sourcecode.swift; path = PhotoListManager.swift; sourceTree = "<group>"; };
		F91142611B7FD35600992E9E /* PhotoLoadViewController.swift */ = {isa = PBXFileReference; fileEncoding = 4; lastKnownFileType = sourcecode.swift; path = PhotoLoadViewController.swift; sourceTree = "<group>"; };
		F9206566263C883200AA10F0 /* Nimble.framework */ = {isa = PBXFileReference; lastKnownFileType = wrapper.framework; name = Nimble.framework; path = Carthage/Build/iOS/Nimble.framework; sourceTree = "<group>"; };
		F9206568263C884200AA10F0 /* Quick.framework */ = {isa = PBXFileReference; lastKnownFileType = wrapper.framework; name = Quick.framework; path = Carthage/Build/iOS/Quick.framework; sourceTree = "<group>"; };
		F920D4B21C5EC62F00EE4484 /* LocationUpdaterSpec.swift */ = {isa = PBXFileReference; fileEncoding = 4; lastKnownFileType = sourcecode.swift; path = LocationUpdaterSpec.swift; sourceTree = "<group>"; };
		F92C5F211C4BE01300688BCF /* PhotoListFetcherSpec.swift */ = {isa = PBXFileReference; fileEncoding = 4; lastKnownFileType = sourcecode.swift; path = PhotoListFetcherSpec.swift; sourceTree = "<group>"; };
		F92C5F3E1C4C083B00688BCF /* Flickr.swift */ = {isa = PBXFileReference; fileEncoding = 4; lastKnownFileType = sourcecode.swift; path = Flickr.swift; sourceTree = "<group>"; };
		F92C5F401C4C1ADD00688BCF /* Networking.swift */ = {isa = PBXFileReference; fileEncoding = 4; lastKnownFileType = sourcecode.swift; path = Networking.swift; sourceTree = "<group>"; };
		F92C5F421C4C1B0C00688BCF /* Network.swift */ = {isa = PBXFileReference; fileEncoding = 4; lastKnownFileType = sourcecode.swift; path = Network.swift; sourceTree = "<group>"; };
		F93004C71B80BCDC007E74C1 /* Utils.swift */ = {isa = PBXFileReference; fileEncoding = 4; lastKnownFileType = sourcecode.swift; path = Utils.swift; sourceTree = "<group>"; };
		F9623A901C67F4F800499FEE /* MockPhotoListManager.swift */ = {isa = PBXFileReference; fileEncoding = 4; lastKnownFileType = sourcecode.swift; path = MockPhotoListManager.swift; sourceTree = "<group>"; };
		F9771825263C85550050E448 /* Nimble.framework */ = {isa = PBXFileReference; lastKnownFileType = wrapper.framework; name = Nimble.framework; path = Carthage/Build/iOS/Nimble.framework; sourceTree = "<group>"; };
		F9771828263C85890050E448 /* Quick.framework */ = {isa = PBXFileReference; lastKnownFileType = wrapper.framework; name = Quick.framework; path = Carthage/Build/iOS/Quick.framework; sourceTree = "<group>"; };
		F97857761C43179B00EE9425 /* Swinject.framework */ = {isa = PBXFileReference; lastKnownFileType = wrapper.framework; name = Swinject.framework; path = Carthage/Build/iOS/Swinject.framework; sourceTree = "<group>"; };
		F97C3EB71C0B4E0900EB5362 /* FlickrApiUtilsSpec.swift */ = {isa = PBXFileReference; fileEncoding = 4; lastKnownFileType = sourcecode.swift; path = FlickrApiUtilsSpec.swift; sourceTree = "<group>"; };
		F97C3EB91C0B4EF300EB5362 /* LocalViewTests.swift */ = {isa = PBXFileReference; fileEncoding = 4; lastKnownFileType = sourcecode.swift; path = LocalViewTests.swift; sourceTree = "<group>"; };
		F9949A671C557B6900D89268 /* LocalViewTestsHelpers.swift */ = {isa = PBXFileReference; fileEncoding = 4; lastKnownFileType = sourcecode.swift; path = LocalViewTestsHelpers.swift; sourceTree = "<group>"; };
/* End PBXFileReference section */

/* Begin PBXFrameworksBuildPhase section */
		C3F318AC1B7CD9EB00899FB6 /* Frameworks */ = {
			isa = PBXFrameworksBuildPhase;
			buildActionMask = 2147483647;
			files = (
				C3D4AA961B7CE9CB0096656F /* CoreLocation.framework in Frameworks */,
			);
			runOnlyForDeploymentPostprocessing = 0;
		};
		C3F318C11B7CD9EB00899FB6 /* Frameworks */ = {
			isa = PBXFrameworksBuildPhase;
			buildActionMask = 2147483647;
			files = (
				F9771829263C85890050E448 /* Quick.framework in Frameworks */,
				F9771827263C85720050E448 /* Nimble.framework in Frameworks */,
				F97857771C43179B00EE9425 /* Swinject.framework in Frameworks */,
			);
			runOnlyForDeploymentPostprocessing = 0;
		};
/* End PBXFrameworksBuildPhase section */

/* Begin PBXGroup section */
		A16DB52E9FD3259C65BE0DBC /* Frameworks */ = {
			isa = PBXGroup;
			children = (
				F9771828263C85890050E448 /* Quick.framework */,
				F9771825263C85550050E448 /* Nimble.framework */,
				F97857761C43179B00EE9425 /* Swinject.framework */,
				C3D4AA951B7CE9CB0096656F /* CoreLocation.framework */,
			);
			name = Frameworks;
			sourceTree = "<group>";
		};
		C373B6591BC6996400869AC8 /* TransitionAnimators */ = {
			isa = PBXGroup;
			children = (
				C373B6571BC6995900869AC8 /* FadeViewTransitionAnimator.swift */,
				C373B6551BC695E500869AC8 /* PopViewTransitionAnimator.swift */,
				C37993BD1BC5AFB100C41C17 /* SplitViewTransitionAnimator.swift */,
			);
			name = TransitionAnimators;
			sourceTree = "<group>";
		};
		C3D5AC2D1B85F63D008C5E7B /* ThirdPartyLibs */ = {
			isa = PBXGroup;
			children = (
				D914C6E01D89C39D00C16DD5 /* SwiftyJSON.xcodeproj */,
				D914C6C71D89C38D00C16DD5 /* Alamofire.xcodeproj */,
				C3EC118D1B874E9A00FB672C /* SDWebImage */,
			);
			name = ThirdPartyLibs;
			sourceTree = "<group>";
		};
		C3EC118D1B874E9A00FB672C /* SDWebImage */ = {
			isa = PBXGroup;
			children = (
				D9F8343720CC189100754B43 /* NSButton+WebCache.h */,
				D9F8344220CC189200754B43 /* NSButton+WebCache.m */,
				D9F8343F20CC189200754B43 /* NSImage+WebCache.h */,
				D9F8343820CC189100754B43 /* NSImage+WebCache.m */,
				D9F8344320CC189200754B43 /* SDAnimatedImageRep.h */,
				D9F8342C20CC189000754B43 /* SDAnimatedImageRep.m */,
				D9F8344120CC189200754B43 /* SDImageCacheConfig.h */,
				D9F8343A20CC189100754B43 /* SDImageCacheConfig.m */,
				D9F8344720CC189200754B43 /* SDWebImageCoder.h */,
				D9F8343C20CC189100754B43 /* SDWebImageCoder.m */,
				D9F8343B20CC189100754B43 /* SDWebImageCoderHelper.h */,
				D9F8342F20CC189000754B43 /* SDWebImageCoderHelper.m */,
				D9F8342D20CC189000754B43 /* SDWebImageCodersManager.h */,
				D9F8344420CC189200754B43 /* SDWebImageCodersManager.m */,
				D9F8344520CC189200754B43 /* SDWebImageFrame.h */,
				D9F8343D20CC189100754B43 /* SDWebImageFrame.m */,
				D9F8343920CC189100754B43 /* SDWebImageGIFCoder.h */,
				D9F8343120CC189000754B43 /* SDWebImageGIFCoder.m */,
				D9F8343E20CC189100754B43 /* SDWebImageImageIOCoder.h */,
				D9F8343220CC189000754B43 /* SDWebImageImageIOCoder.m */,
				D9F8344020CC189200754B43 /* SDWebImageTransition.h */,
				D9F8343320CC189100754B43 /* SDWebImageTransition.m */,
				D9F8343620CC189100754B43 /* SDWebImageWebPCoder.h */,
				D9F8344620CC189200754B43 /* SDWebImageWebPCoder.m */,
				D9F8343520CC189100754B43 /* UIImage+ForceDecode.h */,
				D9F8343420CC189100754B43 /* UIImage+ForceDecode.m */,
				D9F8342E20CC189000754B43 /* UIView+WebCache.h */,
				D9F8343020CC189000754B43 /* UIView+WebCache.m */,
				C3EC118E1B874E9A00FB672C /* MKAnnotationView+WebCache.h */,
				C3EC118F1B874E9A00FB672C /* MKAnnotationView+WebCache.m */,
				C3EC11901B874E9A00FB672C /* NSData+ImageContentType.h */,
				C3EC11911B874E9A00FB672C /* NSData+ImageContentType.m */,
				C3EC11921B874E9A00FB672C /* SDImageCache.h */,
				C3EC11931B874E9A00FB672C /* SDImageCache.m */,
				C3EC11941B874E9A00FB672C /* SDWebImageCompat.h */,
				C3EC11951B874E9A00FB672C /* SDWebImageCompat.m */,
				C3EC11981B874E9A00FB672C /* SDWebImageDownloader.h */,
				C3EC11991B874E9A00FB672C /* SDWebImageDownloader.m */,
				C3EC119A1B874E9A00FB672C /* SDWebImageDownloaderOperation.h */,
				C3EC119B1B874E9B00FB672C /* SDWebImageDownloaderOperation.m */,
				C3EC119C1B874E9B00FB672C /* SDWebImageManager.h */,
				C3EC119D1B874E9B00FB672C /* SDWebImageManager.m */,
				C3EC119E1B874E9B00FB672C /* SDWebImageOperation.h */,
				C3EC119F1B874E9B00FB672C /* SDWebImagePrefetcher.h */,
				C3EC11A01B874E9B00FB672C /* SDWebImagePrefetcher.m */,
				C3EC11A11B874E9B00FB672C /* UIButton+WebCache.h */,
				C3EC11A21B874E9B00FB672C /* UIButton+WebCache.m */,
				C3EC11A31B874E9B00FB672C /* UIImage+GIF.h */,
				C3EC11A41B874E9B00FB672C /* UIImage+GIF.m */,
				C3EC11A51B874E9B00FB672C /* UIImage+MultiFormat.h */,
				C3EC11A61B874E9B00FB672C /* UIImage+MultiFormat.m */,
				C3EC11A71B874E9B00FB672C /* UIImage+WebP.h */,
				C3EC11A81B874E9B00FB672C /* UIImage+WebP.m */,
				C3EC11A91B874E9B00FB672C /* UIImageView+HighlightedWebCache.h */,
				C3EC11AA1B874E9B00FB672C /* UIImageView+HighlightedWebCache.m */,
				C3EC11AB1B874E9B00FB672C /* UIImageView+WebCache.h */,
				C3EC11AC1B874E9B00FB672C /* UIImageView+WebCache.m */,
				C3EC11AD1B874E9B00FB672C /* UIView+WebCacheOperation.h */,
				C3EC11AE1B874E9B00FB672C /* UIView+WebCacheOperation.m */,
			);
			name = SDWebImage;
			path = ThirdPartyLib/SDWebImage;
			sourceTree = SOURCE_ROOT;
		};
		C3F318A61B7CD9EB00899FB6 = {
			isa = PBXGroup;
			children = (
				F9206568263C884200AA10F0 /* Quick.framework */,
				F9206566263C883200AA10F0 /* Nimble.framework */,
				C3F318B11B7CD9EB00899FB6 /* localview */,
				C3F318C71B7CD9EB00899FB6 /* localviewTests */,
				C3F318B01B7CD9EB00899FB6 /* Products */,
				A16DB52E9FD3259C65BE0DBC /* Frameworks */,
			);
			sourceTree = "<group>";
		};
		C3F318B01B7CD9EB00899FB6 /* Products */ = {
			isa = PBXGroup;
			children = (
				C3F318AF1B7CD9EB00899FB6 /* localview.app */,
				C3F318C41B7CD9EB00899FB6 /* localviewTests.xctest */,
			);
			name = Products;
			sourceTree = "<group>";
		};
		C3F318B11B7CD9EB00899FB6 /* localview */ = {
			isa = PBXGroup;
			children = (
				C373B6591BC6996400869AC8 /* TransitionAnimators */,
				C3F318B41B7CD9EB00899FB6 /* AppDelegate.swift */,
				C391BD641BC2C515009B82F1 /* PhotosViewController.swift */,
				C391BD6E1BC2E896009B82F1 /* PhotoCell.swift */,
				C391BD701BC30448009B82F1 /* PhotosHeaderView.swift */,
				F910538A1B8A080400AF0A71 /* PhotoListManager.swift */,
				C3D4AA931B7CE6980096656F /* FlickrConstants.swift */,
				C3D4AA971B7D0E160096656F /* PhotoListFetcher.swift */,
				C3D4AA991B7D100B0096656F /* FlickrPhoto.swift */,
				C359A8ED1BC54EE70066FCFC /* FlickrApiUtils.swift */,
				F92C5F3E1C4C083B00688BCF /* Flickr.swift */,
				F92C5F421C4C1B0C00688BCF /* Network.swift */,
				F92C5F401C4C1ADD00688BCF /* Networking.swift */,
				F91053801B891A2C00AF0A71 /* NetworkStatus.swift */,
				F91142611B7FD35600992E9E /* PhotoLoadViewController.swift */,
				F93004C71B80BCDC007E74C1 /* Utils.swift */,
				C3304DB41B7E83DE00968E0D /* PhotoFullScreenViewController.swift */,
				F91053881B8923DF00AF0A71 /* LocationUpdater.swift */,
				C3F318B81B7CD9EB00899FB6 /* Main.storyboard */,
				C3F318BB1B7CD9EB00899FB6 /* Images.xcassets */,
				C3F318BD1B7CD9EB00899FB6 /* LaunchScreen.xib */,
				C3D5AC2D1B85F63D008C5E7B /* ThirdPartyLibs */,
				C3F318B21B7CD9EB00899FB6 /* Supporting Files */,
			);
			path = localview;
			sourceTree = "<group>";
		};
		C3F318B21B7CD9EB00899FB6 /* Supporting Files */ = {
			isa = PBXGroup;
			children = (
				C31E12771B874B8C00B3AA67 /* localview-Bridging-Header.h */,
				C3F318B31B7CD9EB00899FB6 /* Info.plist */,
			);
			name = "Supporting Files";
			sourceTree = "<group>";
		};
		C3F318C71B7CD9EB00899FB6 /* localviewTests */ = {
			isa = PBXGroup;
			children = (
				F9623A871C67F4D400499FEE /* Mocks */,
				C3F318C81B7CD9EB00899FB6 /* Supporting Files */,
				F97C3EB71C0B4E0900EB5362 /* FlickrApiUtilsSpec.swift */,
				F97C3EB91C0B4EF300EB5362 /* LocalViewTests.swift */,
				D91E3F991C13680600836CC4 /* PhotosViewControllerSpec.swift */,
				F92C5F211C4BE01300688BCF /* PhotoListFetcherSpec.swift */,
				F9949A671C557B6900D89268 /* LocalViewTestsHelpers.swift */,
				F920D4B21C5EC62F00EE4484 /* LocationUpdaterSpec.swift */,
			);
			path = localviewTests;
			sourceTree = "<group>";
		};
		C3F318C81B7CD9EB00899FB6 /* Supporting Files */ = {
			isa = PBXGroup;
			children = (
				C3F318C91B7CD9EB00899FB6 /* Info.plist */,
				C3749D211BCBE15800BF4729 /* good-flickr-response.json */,
				C3749D2B1BCC2A4700BF4729 /* bad-flickr-response.json */,
				D91E3FBC1C136DFA00836CC4 /* localviewTests-Bridging-Header.h */,
			);
			name = "Supporting Files";
			sourceTree = "<group>";
		};
		D914C6C81D89C38D00C16DD5 /* Products */ = {
			isa = PBXGroup;
			children = (
				D914C6D31D89C38D00C16DD5 /* Alamofire.framework */,
				D914C6D51D89C38D00C16DD5 /* Alamofire iOS Tests.xctest */,
				D914C6D71D89C38D00C16DD5 /* Alamofire.framework */,
				D914C6D91D89C38D00C16DD5 /* Alamofire macOS Tests.xctest */,
				D914C6DB1D89C38D00C16DD5 /* Alamofire.framework */,
				D914C6DD1D89C38D00C16DD5 /* Alamofire tvOS Tests.xctest */,
				D914C6DF1D89C38D00C16DD5 /* Alamofire.framework */,
			);
			name = Products;
			sourceTree = "<group>";
		};
		D914C6E11D89C39D00C16DD5 /* Products */ = {
			isa = PBXGroup;
			children = (
				D9F8341F20CC171900754B43 /* SwiftyJSON.framework */,
				D9F8342120CC171900754B43 /* SwiftyJSON iOS Tests.xctest */,
				D9F8342320CC171900754B43 /* SwiftyJSON.framework */,
				D9F8342520CC171900754B43 /* SwiftyJSON macOS Tests.xctest */,
				D9F8342720CC171900754B43 /* SwiftyJSON.framework */,
				D9F8342920CC171900754B43 /* SwiftyJSON.framework */,
				D9F8342B20CC171900754B43 /* SwiftyJSON tvOS Tests.xctest */,
			);
			name = Products;
			sourceTree = "<group>";
		};
		F9623A871C67F4D400499FEE /* Mocks */ = {
			isa = PBXGroup;
			children = (
				F9623A901C67F4F800499FEE /* MockPhotoListManager.swift */,
				D93D330A1C8CE86B00CECF60 /* MockNetwork.swift */,
				D93D33231C8CE8A700CECF60 /* MockPhotoListFetcherDelegate.swift */,
			);
			name = Mocks;
			sourceTree = "<group>";
		};
/* End PBXGroup section */

/* Begin PBXNativeTarget section */
		C3F318AE1B7CD9EB00899FB6 /* localview */ = {
			isa = PBXNativeTarget;
			buildConfigurationList = C3F318CE1B7CD9EB00899FB6 /* Build configuration list for PBXNativeTarget "localview" */;
			buildPhases = (
				C3F318AB1B7CD9EB00899FB6 /* Sources */,
				C3F318AC1B7CD9EB00899FB6 /* Frameworks */,
				C3F318AD1B7CD9EB00899FB6 /* Resources */,
				C3D5AC2C1B85F4DA008C5E7B /* Embed Frameworks */,
				D9BF23C41DB26B02001E8798 /* ShellScript */,
			);
			buildRules = (
			);
			dependencies = (
			);
			name = localview;
			productName = localview;
			productReference = C3F318AF1B7CD9EB00899FB6 /* localview.app */;
			productType = "com.apple.product-type.application";
		};
		C3F318C31B7CD9EB00899FB6 /* localviewTests */ = {
			isa = PBXNativeTarget;
			buildConfigurationList = C3F318D11B7CD9EB00899FB6 /* Build configuration list for PBXNativeTarget "localviewTests" */;
			buildPhases = (
				C3F318C01B7CD9EB00899FB6 /* Sources */,
				C3F318C11B7CD9EB00899FB6 /* Frameworks */,
				C3F318C21B7CD9EB00899FB6 /* Resources */,
				F978578F1C4317E800EE9425 /* ShellScript */,
				D96FEBDD1CB04E2B005AAF89 /* CopyFiles */,
			);
			buildRules = (
			);
			dependencies = (
				C3F318C61B7CD9EB00899FB6 /* PBXTargetDependency */,
			);
			name = localviewTests;
			productName = localviewTests;
			productReference = C3F318C41B7CD9EB00899FB6 /* localviewTests.xctest */;
			productType = "com.apple.product-type.bundle.unit-test";
		};
/* End PBXNativeTarget section */

/* Begin PBXProject section */
		C3F318A71B7CD9EB00899FB6 /* Project object */ = {
			isa = PBXProject;
			attributes = {
				LastSwiftMigration = 0700;
				LastSwiftUpdateCheck = 0700;
				LastUpgradeCheck = 0940;
				ORGANIZATIONNAME = sparkwing;
				TargetAttributes = {
					C3F318AE1B7CD9EB00899FB6 = {
						CreatedOnToolsVersion = 6.4;
						DevelopmentTeam = 7M23UJ52VC;
						LastSwiftMigration = 1010;
					};
					C3F318C31B7CD9EB00899FB6 = {
						CreatedOnToolsVersion = 6.4;
						LastSwiftMigration = 1010;
						TestTargetID = C3F318AE1B7CD9EB00899FB6;
					};
				};
			};
			buildConfigurationList = C3F318AA1B7CD9EB00899FB6 /* Build configuration list for PBXProject "localview" */;
			compatibilityVersion = "Xcode 3.2";
			developmentRegion = English;
			hasScannedForEncodings = 0;
			knownRegions = (
				English,
				en,
				Base,
			);
			mainGroup = C3F318A61B7CD9EB00899FB6;
			productRefGroup = C3F318B01B7CD9EB00899FB6 /* Products */;
			projectDirPath = "";
			projectReferences = (
				{
					ProductGroup = D914C6C81D89C38D00C16DD5 /* Products */;
					ProjectRef = D914C6C71D89C38D00C16DD5 /* Alamofire.xcodeproj */;
				},
				{
					ProductGroup = D914C6E11D89C39D00C16DD5 /* Products */;
					ProjectRef = D914C6E01D89C39D00C16DD5 /* SwiftyJSON.xcodeproj */;
				},
			);
			projectRoot = "";
			targets = (
				C3F318AE1B7CD9EB00899FB6 /* localview */,
				C3F318C31B7CD9EB00899FB6 /* localviewTests */,
			);
		};
/* End PBXProject section */

/* Begin PBXReferenceProxy section */
		D914C6D31D89C38D00C16DD5 /* Alamofire.framework */ = {
			isa = PBXReferenceProxy;
			fileType = wrapper.framework;
			path = Alamofire.framework;
			remoteRef = D914C6D21D89C38D00C16DD5 /* PBXContainerItemProxy */;
			sourceTree = BUILT_PRODUCTS_DIR;
		};
		D914C6D51D89C38D00C16DD5 /* Alamofire iOS Tests.xctest */ = {
			isa = PBXReferenceProxy;
			fileType = wrapper.cfbundle;
			path = "Alamofire iOS Tests.xctest";
			remoteRef = D914C6D41D89C38D00C16DD5 /* PBXContainerItemProxy */;
			sourceTree = BUILT_PRODUCTS_DIR;
		};
		D914C6D71D89C38D00C16DD5 /* Alamofire.framework */ = {
			isa = PBXReferenceProxy;
			fileType = wrapper.framework;
			path = Alamofire.framework;
			remoteRef = D914C6D61D89C38D00C16DD5 /* PBXContainerItemProxy */;
			sourceTree = BUILT_PRODUCTS_DIR;
		};
		D914C6D91D89C38D00C16DD5 /* Alamofire macOS Tests.xctest */ = {
			isa = PBXReferenceProxy;
			fileType = wrapper.cfbundle;
			path = "Alamofire macOS Tests.xctest";
			remoteRef = D914C6D81D89C38D00C16DD5 /* PBXContainerItemProxy */;
			sourceTree = BUILT_PRODUCTS_DIR;
		};
		D914C6DB1D89C38D00C16DD5 /* Alamofire.framework */ = {
			isa = PBXReferenceProxy;
			fileType = wrapper.framework;
			path = Alamofire.framework;
			remoteRef = D914C6DA1D89C38D00C16DD5 /* PBXContainerItemProxy */;
			sourceTree = BUILT_PRODUCTS_DIR;
		};
		D914C6DD1D89C38D00C16DD5 /* Alamofire tvOS Tests.xctest */ = {
			isa = PBXReferenceProxy;
			fileType = wrapper.cfbundle;
			path = "Alamofire tvOS Tests.xctest";
			remoteRef = D914C6DC1D89C38D00C16DD5 /* PBXContainerItemProxy */;
			sourceTree = BUILT_PRODUCTS_DIR;
		};
		D914C6DF1D89C38D00C16DD5 /* Alamofire.framework */ = {
			isa = PBXReferenceProxy;
			fileType = wrapper.framework;
			path = Alamofire.framework;
			remoteRef = D914C6DE1D89C38D00C16DD5 /* PBXContainerItemProxy */;
			sourceTree = BUILT_PRODUCTS_DIR;
		};
		D9F8341F20CC171900754B43 /* SwiftyJSON.framework */ = {
			isa = PBXReferenceProxy;
			fileType = wrapper.framework;
			path = SwiftyJSON.framework;
			remoteRef = D9F8341E20CC171900754B43 /* PBXContainerItemProxy */;
			sourceTree = BUILT_PRODUCTS_DIR;
		};
		D9F8342120CC171900754B43 /* SwiftyJSON iOS Tests.xctest */ = {
			isa = PBXReferenceProxy;
			fileType = wrapper.cfbundle;
			path = "SwiftyJSON iOS Tests.xctest";
			remoteRef = D9F8342020CC171900754B43 /* PBXContainerItemProxy */;
			sourceTree = BUILT_PRODUCTS_DIR;
		};
		D9F8342320CC171900754B43 /* SwiftyJSON.framework */ = {
			isa = PBXReferenceProxy;
			fileType = wrapper.framework;
			path = SwiftyJSON.framework;
			remoteRef = D9F8342220CC171900754B43 /* PBXContainerItemProxy */;
			sourceTree = BUILT_PRODUCTS_DIR;
		};
		D9F8342520CC171900754B43 /* SwiftyJSON macOS Tests.xctest */ = {
			isa = PBXReferenceProxy;
			fileType = wrapper.cfbundle;
			path = "SwiftyJSON macOS Tests.xctest";
			remoteRef = D9F8342420CC171900754B43 /* PBXContainerItemProxy */;
			sourceTree = BUILT_PRODUCTS_DIR;
		};
		D9F8342720CC171900754B43 /* SwiftyJSON.framework */ = {
			isa = PBXReferenceProxy;
			fileType = wrapper.framework;
			path = SwiftyJSON.framework;
			remoteRef = D9F8342620CC171900754B43 /* PBXContainerItemProxy */;
			sourceTree = BUILT_PRODUCTS_DIR;
		};
		D9F8342920CC171900754B43 /* SwiftyJSON.framework */ = {
			isa = PBXReferenceProxy;
			fileType = wrapper.framework;
			path = SwiftyJSON.framework;
			remoteRef = D9F8342820CC171900754B43 /* PBXContainerItemProxy */;
			sourceTree = BUILT_PRODUCTS_DIR;
		};
		D9F8342B20CC171900754B43 /* SwiftyJSON tvOS Tests.xctest */ = {
			isa = PBXReferenceProxy;
			fileType = wrapper.cfbundle;
			path = "SwiftyJSON tvOS Tests.xctest";
			remoteRef = D9F8342A20CC171900754B43 /* PBXContainerItemProxy */;
			sourceTree = BUILT_PRODUCTS_DIR;
		};
/* End PBXReferenceProxy section */

/* Begin PBXResourcesBuildPhase section */
		C3F318AD1B7CD9EB00899FB6 /* Resources */ = {
			isa = PBXResourcesBuildPhase;
			buildActionMask = 2147483647;
			files = (
				F920656A263C8BBC00AA10F0 /* Main.storyboard in Resources */,
			);
			runOnlyForDeploymentPostprocessing = 0;
		};
		C3F318C21B7CD9EB00899FB6 /* Resources */ = {
			isa = PBXResourcesBuildPhase;
			buildActionMask = 2147483647;
			files = (
				C3749D221BCBE15800BF4729 /* good-flickr-response.json in Resources */,
				C3749D2C1BCC2A4700BF4729 /* bad-flickr-response.json in Resources */,
			);
			runOnlyForDeploymentPostprocessing = 0;
		};
/* End PBXResourcesBuildPhase section */

/* Begin PBXShellScriptBuildPhase section */
		D9BF23C41DB26B02001E8798 /* ShellScript */ = {
			isa = PBXShellScriptBuildPhase;
			buildActionMask = 2147483647;
			files = (
			);
			inputPaths = (
			);
			outputPaths = (
			);
			runOnlyForDeploymentPostprocessing = 0;
			shellPath = /bin/sh;
			shellScript = "if which swiftlint >/dev/null; then\nswiftlint\nelse\necho \"warning: SwiftLint not installed, download from https://github.com/realm/SwiftLint\"\nfi";
		};
		F978578F1C4317E800EE9425 /* ShellScript */ = {
			isa = PBXShellScriptBuildPhase;
			buildActionMask = 2147483647;
			files = (
			);
			inputPaths = (
				"$(SRCROOT)/Carthage/Build/iOS/Swinject.framework",
			);
			outputPaths = (
			);
			runOnlyForDeploymentPostprocessing = 0;
			shellPath = /bin/sh;
			shellScript = "/usr/local/bin/carthage copy-frameworks\n";
		};
/* End PBXShellScriptBuildPhase section */

/* Begin PBXSourcesBuildPhase section */
		C3F318AB1B7CD9EB00899FB6 /* Sources */ = {
			isa = PBXSourcesBuildPhase;
			buildActionMask = 2147483647;
			files = (
				C3EC11AF1B874E9B00FB672C /* MKAnnotationView+WebCache.m in Sources */,
				C3D4AA9A1B7D100B0096656F /* FlickrPhoto.swift in Sources */,
				C37993BE1BC5AFB100C41C17 /* SplitViewTransitionAnimator.swift in Sources */,
				D9F8345220CC189200754B43 /* SDWebImageFrame.m in Sources */,
				D9F8345420CC189200754B43 /* SDWebImageCodersManager.m in Sources */,
				D9F8344920CC189200754B43 /* SDWebImageCoderHelper.m in Sources */,
				C3EC11B71B874E9B00FB672C /* SDWebImagePrefetcher.m in Sources */,
				C3EC11B61B874E9B00FB672C /* SDWebImageManager.m in Sources */,
				C3304DB51B7E83DE00968E0D /* PhotoFullScreenViewController.swift in Sources */,
				D9F8345520CC189200754B43 /* SDWebImageWebPCoder.m in Sources */,
				F92C5F411C4C1ADD00688BCF /* Networking.swift in Sources */,
				C3EC11BD1B874E9B00FB672C /* UIImageView+WebCache.m in Sources */,
				C373B6581BC6995900869AC8 /* FadeViewTransitionAnimator.swift in Sources */,
				D9F8345020CC189200754B43 /* SDImageCacheConfig.m in Sources */,
				D9F8344D20CC189200754B43 /* SDWebImageTransition.m in Sources */,
				D9F8344B20CC189200754B43 /* SDWebImageGIFCoder.m in Sources */,
				C3EC11B21B874E9B00FB672C /* SDWebImageCompat.m in Sources */,
				F91053811B891A2C00AF0A71 /* NetworkStatus.swift in Sources */,
				F91142621B7FD35600992E9E /* PhotoLoadViewController.swift in Sources */,
				C373B6561BC695E500869AC8 /* PopViewTransitionAnimator.swift in Sources */,
				C359A8EE1BC54EE70066FCFC /* FlickrApiUtils.swift in Sources */,
				F92C5F431C4C1B0C00688BCF /* Network.swift in Sources */,
				D9F8344820CC189200754B43 /* SDAnimatedImageRep.m in Sources */,
				C3EC11BA1B874E9B00FB672C /* UIImage+MultiFormat.m in Sources */,
				C3EC11BB1B874E9B00FB672C /* UIImage+WebP.m in Sources */,
				C3EC11B51B874E9B00FB672C /* SDWebImageDownloaderOperation.m in Sources */,
				C391BD651BC2C515009B82F1 /* PhotosViewController.swift in Sources */,
				D9F8344E20CC189200754B43 /* UIImage+ForceDecode.m in Sources */,
				C3EC11BE1B874E9B00FB672C /* UIView+WebCacheOperation.m in Sources */,
				D9F8344F20CC189200754B43 /* NSImage+WebCache.m in Sources */,
				C391BD6F1BC2E896009B82F1 /* PhotoCell.swift in Sources */,
				C3EC11B41B874E9B00FB672C /* SDWebImageDownloader.m in Sources */,
				C3EC11B91B874E9B00FB672C /* UIImage+GIF.m in Sources */,
				F93004C81B80BCDC007E74C1 /* Utils.swift in Sources */,
				C391BD711BC30448009B82F1 /* PhotosHeaderView.swift in Sources */,
				F910538B1B8A080400AF0A71 /* PhotoListManager.swift in Sources */,
				D9F8344C20CC189200754B43 /* SDWebImageImageIOCoder.m in Sources */,
				D9F8344A20CC189200754B43 /* UIView+WebCache.m in Sources */,
				C3D4AA941B7CE6980096656F /* FlickrConstants.swift in Sources */,
				C3D4AA981B7D0E160096656F /* PhotoListFetcher.swift in Sources */,
				C3EC11BC1B874E9B00FB672C /* UIImageView+HighlightedWebCache.m in Sources */,
				D9F8345320CC189200754B43 /* NSButton+WebCache.m in Sources */,
				C3EC11B11B874E9B00FB672C /* SDImageCache.m in Sources */,
				C3EC11B81B874E9B00FB672C /* UIButton+WebCache.m in Sources */,
				D9F8345120CC189200754B43 /* SDWebImageCoder.m in Sources */,
				C3EC11B01B874E9B00FB672C /* NSData+ImageContentType.m in Sources */,
				C3F318B51B7CD9EB00899FB6 /* AppDelegate.swift in Sources */,
				F92C5F3F1C4C083B00688BCF /* Flickr.swift in Sources */,
				F91053891B8923DF00AF0A71 /* LocationUpdater.swift in Sources */,
			);
			runOnlyForDeploymentPostprocessing = 0;
		};
		C3F318C01B7CD9EB00899FB6 /* Sources */ = {
			isa = PBXSourcesBuildPhase;
			buildActionMask = 2147483647;
			files = (
				F92C5F441C4C2EA100688BCF /* Flickr.swift in Sources */,
				F92C5F451C4C2EA100688BCF /* Network.swift in Sources */,
				F92C5F461C4C2EA100688BCF /* Networking.swift in Sources */,
				D93D330B1C8CE86B00CECF60 /* MockNetwork.swift in Sources */,
				F97C3EBA1C0B4EF300EB5362 /* LocalViewTests.swift in Sources */,
				F9623A911C67F4F800499FEE /* MockPhotoListManager.swift in Sources */,
				D91E3FB81C136C3000836CC4 /* PhotoLoadViewController.swift in Sources */,
				D91E3FC01C136F1000836CC4 /* SDImageCache.m in Sources */,
				F92C5F221C4BE01300688BCF /* PhotoListFetcherSpec.swift in Sources */,
				D91E3FC31C136F1C00836CC4 /* SDWebImagePrefetcher.m in Sources */,
				D91E3FCA1C136F3400836CC4 /* UIView+WebCacheOperation.m in Sources */,
				C3F5830D1BCD3B4F001873E9 /* LocationUpdater.swift in Sources */,
				D91E3FB51C136C1E00836CC4 /* PhotoListManager.swift in Sources */,
				D91E3FC61C136F2500836CC4 /* UIImage+MultiFormat.m in Sources */,
				D91E3FC71C136F2900836CC4 /* UIImage+WebP.m in Sources */,
				C3304DB11B7E29CB00968E0D /* FlickrConstants.swift in Sources */,
				D91E3FC91C136F3000836CC4 /* UIImageView+WebCache.m in Sources */,
				C3304DB01B7E291600968E0D /* FlickrPhoto.swift in Sources */,
				D91E3FB71C136C2D00836CC4 /* PhotoFullScreenViewController.swift in Sources */,
				F920D4B31C5EC62F00EE4484 /* LocationUpdaterSpec.swift in Sources */,
				D91E3FB91C136C3400836CC4 /* Utils.swift in Sources */,
				D91E3FBA1C136C3800836CC4 /* NetworkStatus.swift in Sources */,
				C359A8F71BC55E6E0066FCFC /* FlickrApiUtils.swift in Sources */,
				F97C3EB81C0B4E0900EB5362 /* FlickrApiUtilsSpec.swift in Sources */,
				D91E3FBF1C136F0D00836CC4 /* SDWebImageDownloader.m in Sources */,
				D91E3F9A1C13680600836CC4 /* PhotosViewControllerSpec.swift in Sources */,
				D91E3FC21C136F1800836CC4 /* SDWebImageManager.m in Sources */,
				D91E3FB31C136A5A00836CC4 /* PhotoCell.swift in Sources */,
				D91E3FC11C136F1500836CC4 /* SDWebImageDownloaderOperation.m in Sources */,
				D91E3FB41C136C1A00836CC4 /* PhotosHeaderView.swift in Sources */,
				D91E3FB61C136C2400836CC4 /* PhotoListFetcher.swift in Sources */,
				D91E3FBD1C136F0800836CC4 /* SDWebImageCompat.m in Sources */,
				F9949A681C557B6900D89268 /* LocalViewTestsHelpers.swift in Sources */,
				D91E3FBB1C136C4A00836CC4 /* FadeViewTransitionAnimator.swift in Sources */,
				D91E3FC41C136F1F00836CC4 /* UIButton+WebCache.m in Sources */,
				D91E3FC81C136F2D00836CC4 /* UIImageView+HighlightedWebCache.m in Sources */,
				D93D33241C8CE8A700CECF60 /* MockPhotoListFetcherDelegate.swift in Sources */,
				D91E3FC51C136F2200836CC4 /* UIImage+GIF.m in Sources */,
				D91E3FB21C13684C00836CC4 /* PhotosViewController.swift in Sources */,
			);
			runOnlyForDeploymentPostprocessing = 0;
		};
/* End PBXSourcesBuildPhase section */

/* Begin PBXTargetDependency section */
		C3F318C61B7CD9EB00899FB6 /* PBXTargetDependency */ = {
			isa = PBXTargetDependency;
			target = C3F318AE1B7CD9EB00899FB6 /* localview */;
			targetProxy = C3F318C51B7CD9EB00899FB6 /* PBXContainerItemProxy */;
		};
/* End PBXTargetDependency section */

/* Begin PBXVariantGroup section */
		C3F318B81B7CD9EB00899FB6 /* Main.storyboard */ = {
			isa = PBXVariantGroup;
			children = (
				C3F318B91B7CD9EB00899FB6 /* Base */,
			);
			name = Main.storyboard;
			sourceTree = "<group>";
		};
		C3F318BD1B7CD9EB00899FB6 /* LaunchScreen.xib */ = {
			isa = PBXVariantGroup;
			children = (
				C3F318BE1B7CD9EB00899FB6 /* Base */,
			);
			name = LaunchScreen.xib;
			sourceTree = "<group>";
		};
/* End PBXVariantGroup section */

/* Begin XCBuildConfiguration section */
		C3F318CC1B7CD9EB00899FB6 /* Debug */ = {
			isa = XCBuildConfiguration;
			buildSettings = {
				ALWAYS_SEARCH_USER_PATHS = NO;
				CLANG_CXX_LANGUAGE_STANDARD = "gnu++0x";
				CLANG_CXX_LIBRARY = "libc++";
				CLANG_ENABLE_MODULES = YES;
				CLANG_ENABLE_OBJC_ARC = YES;
				CLANG_WARN_BLOCK_CAPTURE_AUTORELEASING = YES;
				CLANG_WARN_BOOL_CONVERSION = YES;
				CLANG_WARN_COMMA = YES;
				CLANG_WARN_CONSTANT_CONVERSION = YES;
				CLANG_WARN_DEPRECATED_OBJC_IMPLEMENTATIONS = YES;
				CLANG_WARN_DIRECT_OBJC_ISA_USAGE = YES_ERROR;
				CLANG_WARN_EMPTY_BODY = YES;
				CLANG_WARN_ENUM_CONVERSION = YES;
				CLANG_WARN_INFINITE_RECURSION = YES;
				CLANG_WARN_INT_CONVERSION = YES;
				CLANG_WARN_NON_LITERAL_NULL_CONVERSION = YES;
				CLANG_WARN_OBJC_IMPLICIT_RETAIN_SELF = YES;
				CLANG_WARN_OBJC_LITERAL_CONVERSION = YES;
				CLANG_WARN_OBJC_ROOT_CLASS = YES_ERROR;
				CLANG_WARN_RANGE_LOOP_ANALYSIS = YES;
				CLANG_WARN_STRICT_PROTOTYPES = YES;
				CLANG_WARN_SUSPICIOUS_MOVE = YES;
				CLANG_WARN_UNREACHABLE_CODE = YES;
				CLANG_WARN__DUPLICATE_METHOD_MATCH = YES;
				"CODE_SIGN_IDENTITY[sdk=iphoneos*]" = "iPhone Developer";
				COPY_PHASE_STRIP = NO;
				DEBUG_INFORMATION_FORMAT = "dwarf-with-dsym";
				ENABLE_STRICT_OBJC_MSGSEND = YES;
				ENABLE_TESTABILITY = YES;
				GCC_C_LANGUAGE_STANDARD = gnu99;
				GCC_DYNAMIC_NO_PIC = NO;
				GCC_NO_COMMON_BLOCKS = YES;
				GCC_OPTIMIZATION_LEVEL = 0;
				GCC_PREPROCESSOR_DEFINITIONS = (
					"DEBUG=1",
					"$(inherited)",
				);
				GCC_SYMBOLS_PRIVATE_EXTERN = NO;
				GCC_WARN_64_TO_32_BIT_CONVERSION = YES;
				GCC_WARN_ABOUT_RETURN_TYPE = YES_ERROR;
				GCC_WARN_UNDECLARED_SELECTOR = YES;
				GCC_WARN_UNINITIALIZED_AUTOS = YES_AGGRESSIVE;
				GCC_WARN_UNUSED_FUNCTION = YES;
				GCC_WARN_UNUSED_VARIABLE = YES;
				IPHONEOS_DEPLOYMENT_TARGET = 10.0;
				MTL_ENABLE_DEBUG_INFO = YES;
				ONLY_ACTIVE_ARCH = YES;
				SDKROOT = iphoneos;
				SWIFT_OPTIMIZATION_LEVEL = "-Onone";
				TARGETED_DEVICE_FAMILY = "1,2";
				VALIDATE_WORKSPACE = NO;
			};
			name = Debug;
		};
		C3F318CD1B7CD9EB00899FB6 /* Release */ = {
			isa = XCBuildConfiguration;
			buildSettings = {
				ALWAYS_SEARCH_USER_PATHS = NO;
				CLANG_CXX_LANGUAGE_STANDARD = "gnu++0x";
				CLANG_CXX_LIBRARY = "libc++";
				CLANG_ENABLE_MODULES = YES;
				CLANG_ENABLE_OBJC_ARC = YES;
				CLANG_WARN_BLOCK_CAPTURE_AUTORELEASING = YES;
				CLANG_WARN_BOOL_CONVERSION = YES;
				CLANG_WARN_COMMA = YES;
				CLANG_WARN_CONSTANT_CONVERSION = YES;
				CLANG_WARN_DEPRECATED_OBJC_IMPLEMENTATIONS = YES;
				CLANG_WARN_DIRECT_OBJC_ISA_USAGE = YES_ERROR;
				CLANG_WARN_EMPTY_BODY = YES;
				CLANG_WARN_ENUM_CONVERSION = YES;
				CLANG_WARN_INFINITE_RECURSION = YES;
				CLANG_WARN_INT_CONVERSION = YES;
				CLANG_WARN_NON_LITERAL_NULL_CONVERSION = YES;
				CLANG_WARN_OBJC_IMPLICIT_RETAIN_SELF = YES;
				CLANG_WARN_OBJC_LITERAL_CONVERSION = YES;
				CLANG_WARN_OBJC_ROOT_CLASS = YES_ERROR;
				CLANG_WARN_RANGE_LOOP_ANALYSIS = YES;
				CLANG_WARN_STRICT_PROTOTYPES = YES;
				CLANG_WARN_SUSPICIOUS_MOVE = YES;
				CLANG_WARN_UNREACHABLE_CODE = YES;
				CLANG_WARN__DUPLICATE_METHOD_MATCH = YES;
				"CODE_SIGN_IDENTITY[sdk=iphoneos*]" = "iPhone Developer";
				COPY_PHASE_STRIP = NO;
				DEBUG_INFORMATION_FORMAT = "dwarf-with-dsym";
				ENABLE_NS_ASSERTIONS = NO;
				ENABLE_STRICT_OBJC_MSGSEND = YES;
				GCC_C_LANGUAGE_STANDARD = gnu99;
				GCC_NO_COMMON_BLOCKS = YES;
				GCC_WARN_64_TO_32_BIT_CONVERSION = YES;
				GCC_WARN_ABOUT_RETURN_TYPE = YES_ERROR;
				GCC_WARN_UNDECLARED_SELECTOR = YES;
				GCC_WARN_UNINITIALIZED_AUTOS = YES_AGGRESSIVE;
				GCC_WARN_UNUSED_FUNCTION = YES;
				GCC_WARN_UNUSED_VARIABLE = YES;
				IPHONEOS_DEPLOYMENT_TARGET = 10.0;
				MTL_ENABLE_DEBUG_INFO = NO;
				SDKROOT = iphoneos;
				SWIFT_OPTIMIZATION_LEVEL = "-Owholemodule";
				TARGETED_DEVICE_FAMILY = "1,2";
				VALIDATE_PRODUCT = YES;
				VALIDATE_WORKSPACE = NO;
			};
			name = Release;
		};
		C3F318CF1B7CD9EB00899FB6 /* Debug */ = {
			isa = XCBuildConfiguration;
			buildSettings = {
				ASSETCATALOG_COMPILER_LAUNCHIMAGE_NAME = "LaunchImage-4";
				CODE_SIGN_IDENTITY = "iPhone Developer";
				"CODE_SIGN_IDENTITY[sdk=iphoneos*]" = "iPhone Developer";
				DEFINES_MODULE = YES;
				DEVELOPMENT_TEAM = 7M23UJ52VC;
				FRAMEWORK_SEARCH_PATHS = (
					"$(inherited)",
					"$(PROJECT_DIR)/ThirdPartyLib",
				);
				INFOPLIST_FILE = localview/Info.plist;
				IPHONEOS_DEPLOYMENT_TARGET = 9.0;
				LD_RUNPATH_SEARCH_PATHS = "$(inherited) @executable_path/Frameworks";
				PRODUCT_BUNDLE_IDENTIFIER = com.sparkwing.localviewer;
				PRODUCT_NAME = "$(TARGET_NAME)";
				PROVISIONING_PROFILE = "";
				SWIFT_OBJC_BRIDGING_HEADER = "localview/localview-Bridging-Header.h";
				SWIFT_VERSION = 4.2;
			};
			name = Debug;
		};
		C3F318D01B7CD9EB00899FB6 /* Release */ = {
			isa = XCBuildConfiguration;
			buildSettings = {
				ASSETCATALOG_COMPILER_LAUNCHIMAGE_NAME = "LaunchImage-4";
				CODE_SIGN_IDENTITY = "iPhone Developer";
				"CODE_SIGN_IDENTITY[sdk=iphoneos*]" = "iPhone Developer";
				DEFINES_MODULE = YES;
				DEVELOPMENT_TEAM = 7M23UJ52VC;
				FRAMEWORK_SEARCH_PATHS = (
					"$(inherited)",
					"$(PROJECT_DIR)/ThirdPartyLib",
				);
				INFOPLIST_FILE = localview/Info.plist;
				IPHONEOS_DEPLOYMENT_TARGET = 9.0;
				LD_RUNPATH_SEARCH_PATHS = "$(inherited) @executable_path/Frameworks";
				PRODUCT_BUNDLE_IDENTIFIER = com.sparkwing.localviewer;
				PRODUCT_NAME = "$(TARGET_NAME)";
				PROVISIONING_PROFILE = "";
				SWIFT_COMPILATION_MODE = singlefile;
				SWIFT_OBJC_BRIDGING_HEADER = "localview/localview-Bridging-Header.h";
				SWIFT_VERSION = 4.2;
			};
			name = Release;
		};
		C3F318D21B7CD9EB00899FB6 /* Debug */ = {
			isa = XCBuildConfiguration;
			buildSettings = {
				BUNDLE_LOADER = "$(TEST_HOST)";
				FRAMEWORK_SEARCH_PATHS = (
					"$(inherited)",
					"$(PROJECT_DIR)/Carthage/Build/iOS",
				);
				GCC_PREPROCESSOR_DEFINITIONS = (
					"DEBUG=1",
					"$(inherited)",
				);
				HEADER_SEARCH_PATHS = "";
				INFOPLIST_FILE = localviewTests/Info.plist;
				LD_RUNPATH_SEARCH_PATHS = "$(inherited) @executable_path/Frameworks @loader_path/Frameworks";
				PRODUCT_BUNDLE_IDENTIFIER = "com.sparkwing.$(PRODUCT_NAME:rfc1034identifier)";
				PRODUCT_NAME = "$(TARGET_NAME)";
				SWIFT_OBJC_BRIDGING_HEADER = "localviewTests/localviewTests-Bridging-Header.h";
				SWIFT_VERSION = 4.2;
				TEST_HOST = "$(BUILT_PRODUCTS_DIR)/localview.app/localview";
				USER_HEADER_SEARCH_PATHS = "";
			};
			name = Debug;
		};
		C3F318D31B7CD9EB00899FB6 /* Release */ = {
			isa = XCBuildConfiguration;
			buildSettings = {
				BUNDLE_LOADER = "$(TEST_HOST)";
				FRAMEWORK_SEARCH_PATHS = (
					"$(inherited)",
					"$(PROJECT_DIR)/Carthage/Build/iOS",
				);
				HEADER_SEARCH_PATHS = "";
				INFOPLIST_FILE = localviewTests/Info.plist;
				LD_RUNPATH_SEARCH_PATHS = "$(inherited) @executable_path/Frameworks @loader_path/Frameworks";
				PRODUCT_BUNDLE_IDENTIFIER = "com.sparkwing.$(PRODUCT_NAME:rfc1034identifier)";
				PRODUCT_NAME = "$(TARGET_NAME)";
				SWIFT_OBJC_BRIDGING_HEADER = "localviewTests/localviewTests-Bridging-Header.h";
				SWIFT_VERSION = 4.2;
				TEST_HOST = "$(BUILT_PRODUCTS_DIR)/localview.app/localview";
				USER_HEADER_SEARCH_PATHS = "";
			};
			name = Release;
		};
/* End XCBuildConfiguration section */

/* Begin XCConfigurationList section */
		C3F318AA1B7CD9EB00899FB6 /* Build configuration list for PBXProject "localview" */ = {
			isa = XCConfigurationList;
			buildConfigurations = (
				C3F318CC1B7CD9EB00899FB6 /* Debug */,
				C3F318CD1B7CD9EB00899FB6 /* Release */,
			);
			defaultConfigurationIsVisible = 0;
			defaultConfigurationName = Release;
		};
		C3F318CE1B7CD9EB00899FB6 /* Build configuration list for PBXNativeTarget "localview" */ = {
			isa = XCConfigurationList;
			buildConfigurations = (
				C3F318CF1B7CD9EB00899FB6 /* Debug */,
				C3F318D01B7CD9EB00899FB6 /* Release */,
			);
			defaultConfigurationIsVisible = 0;
			defaultConfigurationName = Release;
		};
		C3F318D11B7CD9EB00899FB6 /* Build configuration list for PBXNativeTarget "localviewTests" */ = {
			isa = XCConfigurationList;
			buildConfigurations = (
				C3F318D21B7CD9EB00899FB6 /* Debug */,
				C3F318D31B7CD9EB00899FB6 /* Release */,
			);
			defaultConfigurationIsVisible = 0;
			defaultConfigurationName = Release;
		};
/* End XCConfigurationList section */
	};
	rootObject = C3F318A71B7CD9EB00899FB6 /* Project object */;
}
