// !$*UTF8*$!
{
	archiveVersion = 1;
	classes = {
	};
	objectVersion = 46;
	objects = {

/* Begin PBXBuildFile section */
		_LinkFileRef_SwiftyJSON_via_SwiftyJSONTests /* SwiftyJSON.framework in Frameworks */ = {isa = PBXBuildFile; fileRef = "_____Product_SwiftyJSON" /* SwiftyJSON.framework */; };
		__src_cc_ref_Source/LclJSONSerialization.swift /* LclJSONSerialization.swift in Sources */ = {isa = PBXBuildFile; fileRef = __PBXFileRef_Source/LclJSONSerialization.swift /* LclJSONSerialization.swift */; };
		__src_cc_ref_Source/SwiftyJSON.swift /* SwiftyJSON.swift in Sources */ = {isa = PBXBuildFile; fileRef = __PBXFileRef_Source/SwiftyJSON.swift /* SwiftyJSON.swift */; };
		__src_cc_ref_Tests/SwiftyJSONTests/ArrayTests.swift /* ArrayTests.swift in Sources */ = {isa = PBXBuildFile; fileRef = __PBXFileRef_Tests/SwiftyJSONTests/ArrayTests.swift /* ArrayTests.swift */; };
		__src_cc_ref_Tests/SwiftyJSONTests/BaseTests.swift /* BaseTests.swift in Sources */ = {isa = PBXBuildFile; fileRef = __PBXFileRef_Tests/SwiftyJSONTests/BaseTests.swift /* BaseTests.swift */; };
		__src_cc_ref_Tests/SwiftyJSONTests/ComparableTests.swift /* ComparableTests.swift in Sources */ = {isa = PBXBuildFile; fileRef = __PBXFileRef_Tests/SwiftyJSONTests/ComparableTests.swift /* ComparableTests.swift */; };
		__src_cc_ref_Tests/SwiftyJSONTests/DictionaryTests.swift /* DictionaryTests.swift in Sources */ = {isa = PBXBuildFile; fileRef = __PBXFileRef_Tests/SwiftyJSONTests/DictionaryTests.swift /* DictionaryTests.swift */; };
		__src_cc_ref_Tests/SwiftyJSONTests/LiteralConvertibleTests.swift /* LiteralConvertibleTests.swift in Sources */ = {isa = PBXBuildFile; fileRef = __PBXFileRef_Tests/SwiftyJSONTests/LiteralConvertibleTests.swift /* LiteralConvertibleTests.swift */; };
		__src_cc_ref_Tests/SwiftyJSONTests/NumberTests.swift /* NumberTests.swift in Sources */ = {isa = PBXBuildFile; fileRef = __PBXFileRef_Tests/SwiftyJSONTests/NumberTests.swift /* NumberTests.swift */; };
		__src_cc_ref_Tests/SwiftyJSONTests/PerformanceTests.swift /* PerformanceTests.swift in Sources */ = {isa = PBXBuildFile; fileRef = __PBXFileRef_Tests/SwiftyJSONTests/PerformanceTests.swift /* PerformanceTests.swift */; };
		__src_cc_ref_Tests/SwiftyJSONTests/PrintableTests.swift /* PrintableTests.swift in Sources */ = {isa = PBXBuildFile; fileRef = __PBXFileRef_Tests/SwiftyJSONTests/PrintableTests.swift /* PrintableTests.swift */; };
		__src_cc_ref_Tests/SwiftyJSONTests/RawRepresentableTests.swift /* RawRepresentableTests.swift in Sources */ = {isa = PBXBuildFile; fileRef = __PBXFileRef_Tests/SwiftyJSONTests/RawRepresentableTests.swift /* RawRepresentableTests.swift */; };
		__src_cc_ref_Tests/SwiftyJSONTests/RawTests.swift /* RawTests.swift in Sources */ = {isa = PBXBuildFile; fileRef = __PBXFileRef_Tests/SwiftyJSONTests/RawTests.swift /* RawTests.swift */; };
		__src_cc_ref_Tests/SwiftyJSONTests/SequenceTypeTests.swift /* SequenceTypeTests.swift in Sources */ = {isa = PBXBuildFile; fileRef = __PBXFileRef_Tests/SwiftyJSONTests/SequenceTypeTests.swift /* SequenceTypeTests.swift */; };
		__src_cc_ref_Tests/SwiftyJSONTests/StringTests.swift /* StringTests.swift in Sources */ = {isa = PBXBuildFile; fileRef = __PBXFileRef_Tests/SwiftyJSONTests/StringTests.swift /* StringTests.swift */; };
		__src_cc_ref_Tests/SwiftyJSONTests/SubscriptTests.swift /* SubscriptTests.swift in Sources */ = {isa = PBXBuildFile; fileRef = __PBXFileRef_Tests/SwiftyJSONTests/SubscriptTests.swift /* SubscriptTests.swift */; };
/* End PBXBuildFile section */

/* Begin PBXContainerItemProxy section */
		D914C5BB1D89C2B700C16DD5 /* PBXContainerItemProxy */ = {
			isa = PBXContainerItemProxy;
			containerPortal = __RootObject_ /* Project object */;
			proxyType = 1;
			remoteGlobalIDString = "______Target_SwiftyJSON";
			remoteInfo = SwiftyJSON;
		};
/* End PBXContainerItemProxy section */

/* Begin PBXFileReference section */
		"__PBXFileRef_Package-Builder" /* Package-Builder */ = {isa = PBXFileReference; lastKnownFileType = folder; path = "Package-Builder"; sourceTree = "<group>"; };
		__PBXFileRef_Package.swift /* Package.swift */ = {isa = PBXFileReference; lastKnownFileType = sourcecode.swift; path = Package.swift; sourceTree = "<group>"; };
		__PBXFileRef_Source/LclJSONSerialization.swift /* LclJSONSerialization.swift */ = {isa = PBXFileReference; lastKnownFileType = sourcecode.swift; path = LclJSONSerialization.swift; sourceTree = "<group>"; };
		__PBXFileRef_Source/SwiftyJSON.swift /* SwiftyJSON.swift */ = {isa = PBXFileReference; lastKnownFileType = sourcecode.swift; path = SwiftyJSON.swift; sourceTree = "<group>"; };
		__PBXFileRef_SwiftyJSON.xcodeproj/Configs/Project.xcconfig /* SwiftyJSON.xcodeproj/Configs/Project.xcconfig */ = {isa = PBXFileReference; lastKnownFileType = text.xcconfig; path = SwiftyJSON.xcodeproj/Configs/Project.xcconfig; sourceTree = "<group>"; };
		__PBXFileRef_Tests/SwiftyJSONTests/ArrayTests.swift /* ArrayTests.swift */ = {isa = PBXFileReference; lastKnownFileType = sourcecode.swift; path = ArrayTests.swift; sourceTree = "<group>"; };
		__PBXFileRef_Tests/SwiftyJSONTests/BaseTests.swift /* BaseTests.swift */ = {isa = PBXFileReference; lastKnownFileType = sourcecode.swift; path = BaseTests.swift; sourceTree = "<group>"; };
		__PBXFileRef_Tests/SwiftyJSONTests/ComparableTests.swift /* ComparableTests.swift */ = {isa = PBXFileReference; lastKnownFileType = sourcecode.swift; path = ComparableTests.swift; sourceTree = "<group>"; };
		__PBXFileRef_Tests/SwiftyJSONTests/DictionaryTests.swift /* DictionaryTests.swift */ = {isa = PBXFileReference; lastKnownFileType = sourcecode.swift; path = DictionaryTests.swift; sourceTree = "<group>"; };
		__PBXFileRef_Tests/SwiftyJSONTests/LiteralConvertibleTests.swift /* LiteralConvertibleTests.swift */ = {isa = PBXFileReference; lastKnownFileType = sourcecode.swift; path = LiteralConvertibleTests.swift; sourceTree = "<group>"; };
		__PBXFileRef_Tests/SwiftyJSONTests/NumberTests.swift /* NumberTests.swift */ = {isa = PBXFileReference; lastKnownFileType = sourcecode.swift; path = NumberTests.swift; sourceTree = "<group>"; };
		__PBXFileRef_Tests/SwiftyJSONTests/PerformanceTests.swift /* PerformanceTests.swift */ = {isa = PBXFileReference; lastKnownFileType = sourcecode.swift; path = PerformanceTests.swift; sourceTree = "<group>"; };
		__PBXFileRef_Tests/SwiftyJSONTests/PrintableTests.swift /* PrintableTests.swift */ = {isa = PBXFileReference; lastKnownFileType = sourcecode.swift; path = PrintableTests.swift; sourceTree = "<group>"; };
		__PBXFileRef_Tests/SwiftyJSONTests/RawRepresentableTests.swift /* RawRepresentableTests.swift */ = {isa = PBXFileReference; lastKnownFileType = sourcecode.swift; path = RawRepresentableTests.swift; sourceTree = "<group>"; };
		__PBXFileRef_Tests/SwiftyJSONTests/RawTests.swift /* RawTests.swift */ = {isa = PBXFileReference; lastKnownFileType = sourcecode.swift; path = RawTests.swift; sourceTree = "<group>"; };
		__PBXFileRef_Tests/SwiftyJSONTests/SequenceTypeTests.swift /* SequenceTypeTests.swift */ = {isa = PBXFileReference; lastKnownFileType = sourcecode.swift; path = SequenceTypeTests.swift; sourceTree = "<group>"; };
		__PBXFileRef_Tests/SwiftyJSONTests/StringTests.swift /* StringTests.swift */ = {isa = PBXFileReference; lastKnownFileType = sourcecode.swift; path = StringTests.swift; sourceTree = "<group>"; };
		__PBXFileRef_Tests/SwiftyJSONTests/SubscriptTests.swift /* SubscriptTests.swift */ = {isa = PBXFileReference; lastKnownFileType = sourcecode.swift; path = SubscriptTests.swift; sourceTree = "<group>"; };
		__PBXFileRef_scripts /* scripts */ = {isa = PBXFileReference; lastKnownFileType = folder; path = scripts; sourceTree = "<group>"; };
		"_____Product_SwiftyJSON" /* SwiftyJSON.framework */ = {isa = PBXFileReference; explicitFileType = wrapper.framework; path = SwiftyJSON.framework; sourceTree = BUILT_PRODUCTS_DIR; };
		"_____Product_SwiftyJSONTests" /* SwiftyJSONTests.xctest */ = {isa = PBXFileReference; lastKnownFileType = file; path = SwiftyJSONTests.xctest; sourceTree = BUILT_PRODUCTS_DIR; };
/* End PBXFileReference section */

/* Begin PBXFrameworksBuildPhase section */
		"___LinkPhase_SwiftyJSON" /* Frameworks */ = {
			isa = PBXFrameworksBuildPhase;
			buildActionMask = 0;
			files = (
			);
			runOnlyForDeploymentPostprocessing = 0;
		};
		"___LinkPhase_SwiftyJSONTests" /* Frameworks */ = {
			isa = PBXFrameworksBuildPhase;
			buildActionMask = 0;
			files = (
				_LinkFileRef_SwiftyJSON_via_SwiftyJSONTests /* SwiftyJSON.framework in Frameworks */,
			);
			runOnlyForDeploymentPostprocessing = 0;
		};
/* End PBXFrameworksBuildPhase section */

/* Begin PBXGroup section */
		TestProducts_ /* Tests */ = {
			isa = PBXGroup;
			children = (
				"_____Product_SwiftyJSONTests" /* SwiftyJSONTests.xctest */,
			);
			name = Tests;
			sourceTree = "<group>";
		};
		"___RootGroup_" = {
			isa = PBXGroup;
			children = (
				__PBXFileRef_Package.swift /* Package.swift */,
				"_____Configs_" /* Configs */,
				"_____Sources_" /* Sources */,
				"__PBXFileRef_Package-Builder" /* Package-Builder */,
				__PBXFileRef_scripts /* scripts */,
				"_______Tests_" /* Tests */,
				"____Products_" /* Products */,
			);
			sourceTree = "<group>";
		};
		"____Products_" /* Products */ = {
			isa = PBXGroup;
			children = (
				TestProducts_ /* Tests */,
				"_____Product_SwiftyJSON" /* SwiftyJSON.framework */,
			);
			name = Products;
			sourceTree = "<group>";
		};
		"_____Configs_" /* Configs */ = {
			isa = PBXGroup;
			children = (
				__PBXFileRef_SwiftyJSON.xcodeproj/Configs/Project.xcconfig /* SwiftyJSON.xcodeproj/Configs/Project.xcconfig */,
			);
			name = Configs;
			sourceTree = "<group>";
		};
		"_____Sources_" /* Sources */ = {
			isa = PBXGroup;
			children = (
				"_______Group_SwiftyJSON" /* SwiftyJSON */,
			);
			name = Sources;
			sourceTree = "<group>";
		};
		"_______Group_SwiftyJSON" /* SwiftyJSON */ = {
			isa = PBXGroup;
			children = (
				__PBXFileRef_Source/LclJSONSerialization.swift /* LclJSONSerialization.swift */,
				__PBXFileRef_Source/SwiftyJSON.swift /* SwiftyJSON.swift */,
			);
			name = SwiftyJSON;
			path = Source;
			sourceTree = "<group>";
		};
		"_______Group_SwiftyJSONTests" /* SwiftyJSONTests */ = {
			isa = PBXGroup;
			children = (
				__PBXFileRef_Tests/SwiftyJSONTests/ArrayTests.swift /* ArrayTests.swift */,
				__PBXFileRef_Tests/SwiftyJSONTests/BaseTests.swift /* BaseTests.swift */,
				__PBXFileRef_Tests/SwiftyJSONTests/ComparableTests.swift /* ComparableTests.swift */,
				__PBXFileRef_Tests/SwiftyJSONTests/DictionaryTests.swift /* DictionaryTests.swift */,
				__PBXFileRef_Tests/SwiftyJSONTests/LiteralConvertibleTests.swift /* LiteralConvertibleTests.swift */,
				__PBXFileRef_Tests/SwiftyJSONTests/NumberTests.swift /* NumberTests.swift */,
				__PBXFileRef_Tests/SwiftyJSONTests/PerformanceTests.swift /* PerformanceTests.swift */,
				__PBXFileRef_Tests/SwiftyJSONTests/PrintableTests.swift /* PrintableTests.swift */,
				__PBXFileRef_Tests/SwiftyJSONTests/RawRepresentableTests.swift /* RawRepresentableTests.swift */,
				__PBXFileRef_Tests/SwiftyJSONTests/RawTests.swift /* RawTests.swift */,
				__PBXFileRef_Tests/SwiftyJSONTests/SequenceTypeTests.swift /* SequenceTypeTests.swift */,
				__PBXFileRef_Tests/SwiftyJSONTests/StringTests.swift /* StringTests.swift */,
				__PBXFileRef_Tests/SwiftyJSONTests/SubscriptTests.swift /* SubscriptTests.swift */,
			);
			name = SwiftyJSONTests;
			path = Tests/SwiftyJSONTests;
			sourceTree = "<group>";
		};
		"_______Tests_" /* Tests */ = {
			isa = PBXGroup;
			children = (
				"_______Group_SwiftyJSONTests" /* SwiftyJSONTests */,
			);
			name = Tests;
			sourceTree = "<group>";
		};
/* End PBXGroup section */

/* Begin PBXNativeTarget section */
		"______Target_SwiftyJSON" /* SwiftyJSON */ = {
			isa = PBXNativeTarget;
			buildConfigurationList = "_______Confs_SwiftyJSON" /* Build configuration list for PBXNativeTarget "SwiftyJSON" */;
			buildPhases = (
				CompilePhase_SwiftyJSON /* Sources */,
				"___LinkPhase_SwiftyJSON" /* Frameworks */,
			);
			buildRules = (
			);
			dependencies = (
			);
			name = SwiftyJSON;
			productName = SwiftyJSON;
			productReference = "_____Product_SwiftyJSON" /* SwiftyJSON.framework */;
			productType = "com.apple.product-type.framework";
		};
		"______Target_SwiftyJSONTests" /* SwiftyJSONTests */ = {
			isa = PBXNativeTarget;
			buildConfigurationList = "_______Confs_SwiftyJSONTests" /* Build configuration list for PBXNativeTarget "SwiftyJSONTests" */;
			buildPhases = (
				CompilePhase_SwiftyJSONTests /* Sources */,
				"___LinkPhase_SwiftyJSONTests" /* Frameworks */,
			);
			buildRules = (
			);
			dependencies = (
				__Dependency_SwiftyJSON /* PBXTargetDependency */,
			);
			name = SwiftyJSONTests;
			productName = SwiftyJSONTests;
			productReference = "_____Product_SwiftyJSONTests" /* SwiftyJSONTests.xctest */;
			productType = "com.apple.product-type.bundle.unit-test";
		};
/* End PBXNativeTarget section */

/* Begin PBXProject section */
		__RootObject_ /* Project object */ = {
			isa = PBXProject;
			attributes = {
				LastUpgradeCheck = 9999;
			};
			buildConfigurationList = "___RootConfs_" /* Build configuration list for PBXProject "SwiftyJSON" */;
			compatibilityVersion = "Xcode 3.2";
			developmentRegion = English;
			hasScannedForEncodings = 0;
			knownRegions = (
				en,
			);
			mainGroup = "___RootGroup_";
			productRefGroup = "____Products_" /* Products */;
			projectDirPath = "";
			projectRoot = "";
			targets = (
				"______Target_SwiftyJSON" /* SwiftyJSON */,
				"______Target_SwiftyJSONTests" /* SwiftyJSONTests */,
			);
		};
/* End PBXProject section */

/* Begin PBXSourcesBuildPhase section */
		CompilePhase_SwiftyJSON /* Sources */ = {
			isa = PBXSourcesBuildPhase;
			buildActionMask = 0;
			files = (
				__src_cc_ref_Source/LclJSONSerialization.swift /* LclJSONSerialization.swift in Sources */,
				__src_cc_ref_Source/SwiftyJSON.swift /* SwiftyJSON.swift in Sources */,
			);
			runOnlyForDeploymentPostprocessing = 0;
		};
		CompilePhase_SwiftyJSONTests /* Sources */ = {
			isa = PBXSourcesBuildPhase;
			buildActionMask = 0;
			files = (
				__src_cc_ref_Tests/SwiftyJSONTests/ArrayTests.swift /* ArrayTests.swift in Sources */,
				__src_cc_ref_Tests/SwiftyJSONTests/BaseTests.swift /* BaseTests.swift in Sources */,
				__src_cc_ref_Tests/SwiftyJSONTests/ComparableTests.swift /* ComparableTests.swift in Sources */,
				__src_cc_ref_Tests/SwiftyJSONTests/DictionaryTests.swift /* DictionaryTests.swift in Sources */,
				__src_cc_ref_Tests/SwiftyJSONTests/LiteralConvertibleTests.swift /* LiteralConvertibleTests.swift in Sources */,
				__src_cc_ref_Tests/SwiftyJSONTests/NumberTests.swift /* NumberTests.swift in Sources */,
				__src_cc_ref_Tests/SwiftyJSONTests/PerformanceTests.swift /* PerformanceTests.swift in Sources */,
				__src_cc_ref_Tests/SwiftyJSONTests/PrintableTests.swift /* PrintableTests.swift in Sources */,
				__src_cc_ref_Tests/SwiftyJSONTests/RawRepresentableTests.swift /* RawRepresentableTests.swift in Sources */,
				__src_cc_ref_Tests/SwiftyJSONTests/RawTests.swift /* RawTests.swift in Sources */,
				__src_cc_ref_Tests/SwiftyJSONTests/SequenceTypeTests.swift /* SequenceTypeTests.swift in Sources */,
				__src_cc_ref_Tests/SwiftyJSONTests/StringTests.swift /* StringTests.swift in Sources */,
				__src_cc_ref_Tests/SwiftyJSONTests/SubscriptTests.swift /* SubscriptTests.swift in Sources */,
			);
			runOnlyForDeploymentPostprocessing = 0;
		};
/* End PBXSourcesBuildPhase section */

/* Begin PBXTargetDependency section */
		__Dependency_SwiftyJSON /* PBXTargetDependency */ = {
			isa = PBXTargetDependency;
			target = "______Target_SwiftyJSON" /* SwiftyJSON */;
			targetProxy = D914C5BB1D89C2B700C16DD5 /* PBXContainerItemProxy */;
		};
/* End PBXTargetDependency section */

/* Begin XCBuildConfiguration section */
		_ReleaseConf_SwiftyJSON /* Release */ = {
			isa = XCBuildConfiguration;
			buildSettings = {
				ENABLE_TESTABILITY = YES;
				FRAMEWORK_SEARCH_PATHS = "$(PLATFORM_DIR)/Developer/Library/Frameworks";
				INFOPLIST_FILE = SwiftyJSON.xcodeproj/SwiftyJSON_Info.plist;
				LD_RUNPATH_SEARCH_PATHS = "$(TOOLCHAIN_DIR)/usr/lib/swift/macosx";
				OTHER_LDFLAGS = "$(inherited)";
				OTHER_SWIFT_FLAGS = "$(inherited)";
				PRODUCT_BUNDLE_IDENTIFIER = SwiftyJSON;
				PRODUCT_MODULE_NAME = "$(TARGET_NAME:c99extidentifier)";
				PRODUCT_NAME = "$(TARGET_NAME:c99extidentifier)";
				SWIFT_VERSION = 3.0;
			};
			name = Release;
		};
		_ReleaseConf_SwiftyJSONTests /* Release */ = {
			isa = XCBuildConfiguration;
			buildSettings = {
				EMBEDDED_CONTENT_CONTAINS_SWIFT = YES;
				FRAMEWORK_SEARCH_PATHS = "$(PLATFORM_DIR)/Developer/Library/Frameworks";
				INFOPLIST_FILE = SwiftyJSON.xcodeproj/SwiftyJSONTests_Info.plist;
				LD_RUNPATH_SEARCH_PATHS = "@loader_path/../Frameworks";
				OTHER_LDFLAGS = "$(inherited)";
				OTHER_SWIFT_FLAGS = "$(inherited)";
				SWIFT_VERSION = 3.0;
			};
			name = Release;
		};
		"___DebugConf_SwiftyJSON" /* Debug */ = {
			isa = XCBuildConfiguration;
			buildSettings = {
				ENABLE_TESTABILITY = YES;
				FRAMEWORK_SEARCH_PATHS = "$(PLATFORM_DIR)/Developer/Library/Frameworks";
				INFOPLIST_FILE = SwiftyJSON.xcodeproj/SwiftyJSON_Info.plist;
				LD_RUNPATH_SEARCH_PATHS = "$(TOOLCHAIN_DIR)/usr/lib/swift/macosx";
				OTHER_LDFLAGS = "$(inherited)";
				OTHER_SWIFT_FLAGS = "$(inherited)";
				PRODUCT_BUNDLE_IDENTIFIER = SwiftyJSON;
				PRODUCT_MODULE_NAME = "$(TARGET_NAME:c99extidentifier)";
				PRODUCT_NAME = "$(TARGET_NAME:c99extidentifier)";
				SWIFT_OPTIMIZATION_LEVEL = "-Onone";
				SWIFT_VERSION = 3.0;
			};
			name = Debug;
		};
		"___DebugConf_SwiftyJSONTests" /* Debug */ = {
			isa = XCBuildConfiguration;
			buildSettings = {
				EMBEDDED_CONTENT_CONTAINS_SWIFT = YES;
				FRAMEWORK_SEARCH_PATHS = "$(PLATFORM_DIR)/Developer/Library/Frameworks";
				INFOPLIST_FILE = SwiftyJSON.xcodeproj/SwiftyJSONTests_Info.plist;
				LD_RUNPATH_SEARCH_PATHS = "@loader_path/../Frameworks";
				OTHER_LDFLAGS = "$(inherited)";
				OTHER_SWIFT_FLAGS = "$(inherited)";
				SWIFT_OPTIMIZATION_LEVEL = "-Onone";
				SWIFT_VERSION = 3.0;
			};
			name = Debug;
		};
		"_____Release_" /* Release */ = {
			isa = XCBuildConfiguration;
			baseConfigurationReference = __PBXFileRef_SwiftyJSON.xcodeproj/Configs/Project.xcconfig /* SwiftyJSON.xcodeproj/Configs/Project.xcconfig */;
			buildSettings = {
				IPHONEOS_DEPLOYMENT_TARGET = 8.0;
				SDKROOT = iphoneos10.0;
			};
			name = Release;
		};
		"_______Debug_" /* Debug */ = {
			isa = XCBuildConfiguration;
			baseConfigurationReference = __PBXFileRef_SwiftyJSON.xcodeproj/Configs/Project.xcconfig /* SwiftyJSON.xcodeproj/Configs/Project.xcconfig */;
			buildSettings = {
				IPHONEOS_DEPLOYMENT_TARGET = 8.0;
				SDKROOT = iphoneos10.0;
			};
			name = Debug;
		};
/* End XCBuildConfiguration section */

/* Begin XCConfigurationList section */
		"___RootConfs_" /* Build configuration list for PBXProject "SwiftyJSON" */ = {
			isa = XCConfigurationList;
			buildConfigurations = (
				"_______Debug_" /* Debug */,
				"_____Release_" /* Release */,
			);
			defaultConfigurationIsVisible = 0;
			defaultConfigurationName = Debug;
		};
		"_______Confs_SwiftyJSON" /* Build configuration list for PBXNativeTarget "SwiftyJSON" */ = {
			isa = XCConfigurationList;
			buildConfigurations = (
				"___DebugConf_SwiftyJSON" /* Debug */,
				_ReleaseConf_SwiftyJSON /* Release */,
			);
			defaultConfigurationIsVisible = 0;
			defaultConfigurationName = Debug;
		};
		"_______Confs_SwiftyJSONTests" /* Build configuration list for PBXNativeTarget "SwiftyJSONTests" */ = {
			isa = XCConfigurationList;
			buildConfigurations = (
				"___DebugConf_SwiftyJSONTests" /* Debug */,
				_ReleaseConf_SwiftyJSONTests /* Release */,
			);
			defaultConfigurationIsVisible = 0;
			defaultConfigurationName = Debug;
		};
/* End XCConfigurationList section */
	};
	rootObject = __RootObject_ /* Project object */;
}
